// !$*UTF8*$!
{
	archiveVersion = 1;
	classes = {
	};
	objectVersion = 50;
	objects = {

/* Begin PBXBuildFile section */
		AB38C43A21EBA306003C77D7 /* AppDelegate.swift in Sources */ = {isa = PBXBuildFile; fileRef = AB38C43921EBA306003C77D7 /* AppDelegate.swift */; };
		AB38C43C21EBA306003C77D7 /* ViewController.swift in Sources */ = {isa = PBXBuildFile; fileRef = AB38C43B21EBA306003C77D7 /* ViewController.swift */; };
		AB38C43F21EBA306003C77D7 /* Main.storyboard in Resources */ = {isa = PBXBuildFile; fileRef = AB38C43D21EBA306003C77D7 /* Main.storyboard */; };
		AB38C44121EBA307003C77D7 /* Assets.xcassets in Resources */ = {isa = PBXBuildFile; fileRef = AB38C44021EBA307003C77D7 /* Assets.xcassets */; };
		AB38C44421EBA307003C77D7 /* LaunchScreen.storyboard in Resources */ = {isa = PBXBuildFile; fileRef = AB38C44221EBA307003C77D7 /* LaunchScreen.storyboard */; };
		AB38C44F21EBA307003C77D7 /* PomodoroTests.swift in Sources */ = {isa = PBXBuildFile; fileRef = AB38C44E21EBA307003C77D7 /* PomodoroTests.swift */; };
		AB38C45A21EBA307003C77D7 /* PomodoroUITests.swift in Sources */ = {isa = PBXBuildFile; fileRef = AB38C45921EBA307003C77D7 /* PomodoroUITests.swift */; };
		AB5EF90F21ECB2CE0034A276 /* TimeController.swift in Sources */ = {isa = PBXBuildFile; fileRef = AB5EF90E21ECB2CE0034A276 /* TimeController.swift */; };
		AB9661F021EE0AF6003BD4E2 /* TimeTypes.swift in Sources */ = {isa = PBXBuildFile; fileRef = AB9661EF21EE0AF6003BD4E2 /* TimeTypes.swift */; };
		AB9661F421EE0C35003BD4E2 /* TimeControllerTest.swift in Sources */ = {isa = PBXBuildFile; fileRef = AB9661F321EE0C35003BD4E2 /* TimeControllerTest.swift */; };
		ABEBC69921EF579500CFD262 /* TimeChunk.swift in Sources */ = {isa = PBXBuildFile; fileRef = ABEBC69821EF579500CFD262 /* TimeChunk.swift */; };
/* End PBXBuildFile section */

/* Begin PBXContainerItemProxy section */
		AB38C44B21EBA307003C77D7 /* PBXContainerItemProxy */ = {
			isa = PBXContainerItemProxy;
			containerPortal = AB38C42E21EBA306003C77D7 /* Project object */;
			proxyType = 1;
			remoteGlobalIDString = AB38C43521EBA306003C77D7;
			remoteInfo = Pomodoro;
		};
		AB38C45621EBA307003C77D7 /* PBXContainerItemProxy */ = {
			isa = PBXContainerItemProxy;
			containerPortal = AB38C42E21EBA306003C77D7 /* Project object */;
			proxyType = 1;
			remoteGlobalIDString = AB38C43521EBA306003C77D7;
			remoteInfo = Pomodoro;
		};
/* End PBXContainerItemProxy section */

/* Begin PBXFileReference section */
		AB38C43621EBA306003C77D7 /* Pomodoro.app */ = {isa = PBXFileReference; explicitFileType = wrapper.application; includeInIndex = 0; path = Pomodoro.app; sourceTree = BUILT_PRODUCTS_DIR; };
		AB38C43921EBA306003C77D7 /* AppDelegate.swift */ = {isa = PBXFileReference; lastKnownFileType = sourcecode.swift; path = AppDelegate.swift; sourceTree = "<group>"; };
		AB38C43B21EBA306003C77D7 /* ViewController.swift */ = {isa = PBXFileReference; lastKnownFileType = sourcecode.swift; path = ViewController.swift; sourceTree = "<group>"; };
		AB38C43E21EBA306003C77D7 /* Base */ = {isa = PBXFileReference; lastKnownFileType = file.storyboard; name = Base; path = Base.lproj/Main.storyboard; sourceTree = "<group>"; };
		AB38C44021EBA307003C77D7 /* Assets.xcassets */ = {isa = PBXFileReference; lastKnownFileType = folder.assetcatalog; path = Assets.xcassets; sourceTree = "<group>"; };
		AB38C44321EBA307003C77D7 /* Base */ = {isa = PBXFileReference; lastKnownFileType = file.storyboard; name = Base; path = Base.lproj/LaunchScreen.storyboard; sourceTree = "<group>"; };
		AB38C44521EBA307003C77D7 /* Info.plist */ = {isa = PBXFileReference; lastKnownFileType = text.plist.xml; path = Info.plist; sourceTree = "<group>"; };
		AB38C44A21EBA307003C77D7 /* PomodoroTests.xctest */ = {isa = PBXFileReference; explicitFileType = wrapper.cfbundle; includeInIndex = 0; path = PomodoroTests.xctest; sourceTree = BUILT_PRODUCTS_DIR; };
		AB38C44E21EBA307003C77D7 /* PomodoroTests.swift */ = {isa = PBXFileReference; lastKnownFileType = sourcecode.swift; path = PomodoroTests.swift; sourceTree = "<group>"; };
		AB38C45021EBA307003C77D7 /* Info.plist */ = {isa = PBXFileReference; lastKnownFileType = text.plist.xml; path = Info.plist; sourceTree = "<group>"; };
		AB38C45521EBA307003C77D7 /* PomodoroUITests.xctest */ = {isa = PBXFileReference; explicitFileType = wrapper.cfbundle; includeInIndex = 0; path = PomodoroUITests.xctest; sourceTree = BUILT_PRODUCTS_DIR; };
		AB38C45921EBA307003C77D7 /* PomodoroUITests.swift */ = {isa = PBXFileReference; lastKnownFileType = sourcecode.swift; path = PomodoroUITests.swift; sourceTree = "<group>"; };
		AB38C45B21EBA307003C77D7 /* Info.plist */ = {isa = PBXFileReference; lastKnownFileType = text.plist.xml; path = Info.plist; sourceTree = "<group>"; };
		AB5EF90E21ECB2CE0034A276 /* TimeController.swift */ = {isa = PBXFileReference; lastKnownFileType = sourcecode.swift; path = TimeController.swift; sourceTree = "<group>"; };
		AB9661EF21EE0AF6003BD4E2 /* TimeTypes.swift */ = {isa = PBXFileReference; lastKnownFileType = sourcecode.swift; path = TimeTypes.swift; sourceTree = "<group>"; };
		AB9661F321EE0C35003BD4E2 /* TimeControllerTest.swift */ = {isa = PBXFileReference; lastKnownFileType = sourcecode.swift; path = TimeControllerTest.swift; sourceTree = "<group>"; };
		ABEBC69821EF579500CFD262 /* TimeChunk.swift */ = {isa = PBXFileReference; lastKnownFileType = sourcecode.swift; path = TimeChunk.swift; sourceTree = "<group>"; };
/* End PBXFileReference section */

/* Begin PBXFrameworksBuildPhase section */
		AB38C43321EBA306003C77D7 /* Frameworks */ = {
			isa = PBXFrameworksBuildPhase;
			buildActionMask = 2147483647;
			files = (
			);
			runOnlyForDeploymentPostprocessing = 0;
		};
		AB38C44721EBA307003C77D7 /* Frameworks */ = {
			isa = PBXFrameworksBuildPhase;
			buildActionMask = 2147483647;
			files = (
			);
			runOnlyForDeploymentPostprocessing = 0;
		};
		AB38C45221EBA307003C77D7 /* Frameworks */ = {
			isa = PBXFrameworksBuildPhase;
			buildActionMask = 2147483647;
			files = (
			);
			runOnlyForDeploymentPostprocessing = 0;
		};
/* End PBXFrameworksBuildPhase section */

/* Begin PBXGroup section */
		AB38C42D21EBA306003C77D7 = {
			isa = PBXGroup;
			children = (
				AB38C43821EBA306003C77D7 /* Pomodoro */,
				AB38C44D21EBA307003C77D7 /* PomodoroTests */,
				AB38C45821EBA307003C77D7 /* PomodoroUITests */,
				AB38C43721EBA306003C77D7 /* Products */,
			);
			sourceTree = "<group>";
		};
		AB38C43721EBA306003C77D7 /* Products */ = {
			isa = PBXGroup;
			children = (
				AB38C43621EBA306003C77D7 /* Pomodoro.app */,
				AB38C44A21EBA307003C77D7 /* PomodoroTests.xctest */,
				AB38C45521EBA307003C77D7 /* PomodoroUITests.xctest */,
			);
			name = Products;
			sourceTree = "<group>";
		};
		AB38C43821EBA306003C77D7 /* Pomodoro */ = {
			isa = PBXGroup;
			children = (
				AB5EF90D21ECB2AA0034A276 /* Timer */,
				AB38C43921EBA306003C77D7 /* AppDelegate.swift */,
				AB38C43B21EBA306003C77D7 /* ViewController.swift */,
				AB38C43D21EBA306003C77D7 /* Main.storyboard */,
				AB38C44021EBA307003C77D7 /* Assets.xcassets */,
				AB38C44221EBA307003C77D7 /* LaunchScreen.storyboard */,
				AB38C44521EBA307003C77D7 /* Info.plist */,
			);
			path = Pomodoro;
			sourceTree = "<group>";
		};
		AB38C44D21EBA307003C77D7 /* PomodoroTests */ = {
			isa = PBXGroup;
			children = (
				AB9661F221EE0C12003BD4E2 /* Timer */,
				AB38C44E21EBA307003C77D7 /* PomodoroTests.swift */,
				AB38C45021EBA307003C77D7 /* Info.plist */,
			);
			path = PomodoroTests;
			sourceTree = "<group>";
		};
		AB38C45821EBA307003C77D7 /* PomodoroUITests */ = {
			isa = PBXGroup;
			children = (
				AB38C45921EBA307003C77D7 /* PomodoroUITests.swift */,
				AB38C45B21EBA307003C77D7 /* Info.plist */,
			);
			path = PomodoroUITests;
			sourceTree = "<group>";
		};
		AB5EF90D21ECB2AA0034A276 /* Timer */ = {
			isa = PBXGroup;
			children = (
				AB5EF90E21ECB2CE0034A276 /* TimeController.swift */,
				AB9661EF21EE0AF6003BD4E2 /* TimeTypes.swift */,
				ABEBC69821EF579500CFD262 /* TimeChunk.swift */,
			);
			path = Timer;
			sourceTree = "<group>";
		};
		AB9661F221EE0C12003BD4E2 /* Timer */ = {
			isa = PBXGroup;
			children = (
				AB9661F321EE0C35003BD4E2 /* TimeControllerTest.swift */,
			);
			path = Timer;
			sourceTree = "<group>";
		};
/* End PBXGroup section */

/* Begin PBXNativeTarget section */
		AB38C43521EBA306003C77D7 /* Pomodoro */ = {
			isa = PBXNativeTarget;
			buildConfigurationList = AB38C45E21EBA307003C77D7 /* Build configuration list for PBXNativeTarget "Pomodoro" */;
			buildPhases = (
				AB38C43221EBA306003C77D7 /* Sources */,
				AB38C43321EBA306003C77D7 /* Frameworks */,
				AB38C43421EBA306003C77D7 /* Resources */,
			);
			buildRules = (
			);
			dependencies = (
			);
			name = Pomodoro;
			productName = Pomodoro;
			productReference = AB38C43621EBA306003C77D7 /* Pomodoro.app */;
			productType = "com.apple.product-type.application";
		};
		AB38C44921EBA307003C77D7 /* PomodoroTests */ = {
			isa = PBXNativeTarget;
			buildConfigurationList = AB38C46121EBA307003C77D7 /* Build configuration list for PBXNativeTarget "PomodoroTests" */;
			buildPhases = (
				AB38C44621EBA307003C77D7 /* Sources */,
				AB38C44721EBA307003C77D7 /* Frameworks */,
				AB38C44821EBA307003C77D7 /* Resources */,
			);
			buildRules = (
			);
			dependencies = (
				AB38C44C21EBA307003C77D7 /* PBXTargetDependency */,
			);
			name = PomodoroTests;
			productName = PomodoroTests;
			productReference = AB38C44A21EBA307003C77D7 /* PomodoroTests.xctest */;
			productType = "com.apple.product-type.bundle.unit-test";
		};
		AB38C45421EBA307003C77D7 /* PomodoroUITests */ = {
			isa = PBXNativeTarget;
			buildConfigurationList = AB38C46421EBA307003C77D7 /* Build configuration list for PBXNativeTarget "PomodoroUITests" */;
			buildPhases = (
				AB38C45121EBA307003C77D7 /* Sources */,
				AB38C45221EBA307003C77D7 /* Frameworks */,
				AB38C45321EBA307003C77D7 /* Resources */,
			);
			buildRules = (
			);
			dependencies = (
				AB38C45721EBA307003C77D7 /* PBXTargetDependency */,
			);
			name = PomodoroUITests;
			productName = PomodoroUITests;
			productReference = AB38C45521EBA307003C77D7 /* PomodoroUITests.xctest */;
			productType = "com.apple.product-type.bundle.ui-testing";
		};
/* End PBXNativeTarget section */

/* Begin PBXProject section */
		AB38C42E21EBA306003C77D7 /* Project object */ = {
			isa = PBXProject;
			attributes = {
				LastSwiftUpdateCheck = 1010;
				LastUpgradeCheck = 1010;
				ORGANIZATIONNAME = "Sonnie Hiles";
				TargetAttributes = {
					AB38C43521EBA306003C77D7 = {
						CreatedOnToolsVersion = 10.1;
					};
					AB38C44921EBA307003C77D7 = {
						CreatedOnToolsVersion = 10.1;
						TestTargetID = AB38C43521EBA306003C77D7;
					};
					AB38C45421EBA307003C77D7 = {
						CreatedOnToolsVersion = 10.1;
						TestTargetID = AB38C43521EBA306003C77D7;
					};
				};
			};
			buildConfigurationList = AB38C43121EBA306003C77D7 /* Build configuration list for PBXProject "Pomodoro" */;
			compatibilityVersion = "Xcode 9.3";
			developmentRegion = en;
			hasScannedForEncodings = 0;
			knownRegions = (
				en,
				Base,
			);
			mainGroup = AB38C42D21EBA306003C77D7;
			productRefGroup = AB38C43721EBA306003C77D7 /* Products */;
			projectDirPath = "";
			projectRoot = "";
			targets = (
				AB38C43521EBA306003C77D7 /* Pomodoro */,
				AB38C44921EBA307003C77D7 /* PomodoroTests */,
				AB38C45421EBA307003C77D7 /* PomodoroUITests */,
			);
		};
/* End PBXProject section */

/* Begin PBXResourcesBuildPhase section */
		AB38C43421EBA306003C77D7 /* Resources */ = {
			isa = PBXResourcesBuildPhase;
			buildActionMask = 2147483647;
			files = (
				AB38C44421EBA307003C77D7 /* LaunchScreen.storyboard in Resources */,
				AB38C44121EBA307003C77D7 /* Assets.xcassets in Resources */,
				AB38C43F21EBA306003C77D7 /* Main.storyboard in Resources */,
			);
			runOnlyForDeploymentPostprocessing = 0;
		};
		AB38C44821EBA307003C77D7 /* Resources */ = {
			isa = PBXResourcesBuildPhase;
			buildActionMask = 2147483647;
			files = (
			);
			runOnlyForDeploymentPostprocessing = 0;
		};
		AB38C45321EBA307003C77D7 /* Resources */ = {
			isa = PBXResourcesBuildPhase;
			buildActionMask = 2147483647;
			files = (
			);
			runOnlyForDeploymentPostprocessing = 0;
		};
/* End PBXResourcesBuildPhase section */

/* Begin PBXSourcesBuildPhase section */
		AB38C43221EBA306003C77D7 /* Sources */ = {
			isa = PBXSourcesBuildPhase;
			buildActionMask = 2147483647;
			files = (
				ABEBC69921EF579500CFD262 /* TimeChunk.swift in Sources */,
				AB38C43C21EBA306003C77D7 /* ViewController.swift in Sources */,
				AB38C43A21EBA306003C77D7 /* AppDelegate.swift in Sources */,
				AB9661F021EE0AF6003BD4E2 /* TimeTypes.swift in Sources */,
				AB5EF90F21ECB2CE0034A276 /* TimeController.swift in Sources */,
			);
			runOnlyForDeploymentPostprocessing = 0;
		};
		AB38C44621EBA307003C77D7 /* Sources */ = {
			isa = PBXSourcesBuildPhase;
			buildActionMask = 2147483647;
			files = (
				AB9661F421EE0C35003BD4E2 /* TimeControllerTest.swift in Sources */,
				AB38C44F21EBA307003C77D7 /* PomodoroTests.swift in Sources */,
			);
			runOnlyForDeploymentPostprocessing = 0;
		};
		AB38C45121EBA307003C77D7 /* Sources */ = {
			isa = PBXSourcesBuildPhase;
			buildActionMask = 2147483647;
			files = (
				AB38C45A21EBA307003C77D7 /* PomodoroUITests.swift in Sources */,
			);
			runOnlyForDeploymentPostprocessing = 0;
		};
/* End PBXSourcesBuildPhase section */

/* Begin PBXTargetDependency section */
		AB38C44C21EBA307003C77D7 /* PBXTargetDependency */ = {
			isa = PBXTargetDependency;
			target = AB38C43521EBA306003C77D7 /* Pomodoro */;
			targetProxy = AB38C44B21EBA307003C77D7 /* PBXContainerItemProxy */;
		};
		AB38C45721EBA307003C77D7 /* PBXTargetDependency */ = {
			isa = PBXTargetDependency;
			target = AB38C43521EBA306003C77D7 /* Pomodoro */;
			targetProxy = AB38C45621EBA307003C77D7 /* PBXContainerItemProxy */;
		};
/* End PBXTargetDependency section */

/* Begin PBXVariantGroup section */
		AB38C43D21EBA306003C77D7 /* Main.storyboard */ = {
			isa = PBXVariantGroup;
			children = (
				AB38C43E21EBA306003C77D7 /* Base */,
			);
			name = Main.storyboard;
			sourceTree = "<group>";
		};
		AB38C44221EBA307003C77D7 /* LaunchScreen.storyboard */ = {
			isa = PBXVariantGroup;
			children = (
				AB38C44321EBA307003C77D7 /* Base */,
			);
			name = LaunchScreen.storyboard;
			sourceTree = "<group>";
		};
/* End PBXVariantGroup section */

/* Begin XCBuildConfiguration section */
		AB38C45C21EBA307003C77D7 /* Debug */ = {
			isa = XCBuildConfiguration;
			buildSettings = {
				ALWAYS_SEARCH_USER_PATHS = NO;
				CLANG_ANALYZER_NONNULL = YES;
				CLANG_ANALYZER_NUMBER_OBJECT_CONVERSION = YES_AGGRESSIVE;
				CLANG_CXX_LANGUAGE_STANDARD = "gnu++14";
				CLANG_CXX_LIBRARY = "libc++";
				CLANG_ENABLE_MODULES = YES;
				CLANG_ENABLE_OBJC_ARC = YES;
				CLANG_ENABLE_OBJC_WEAK = YES;
				CLANG_WARN_BLOCK_CAPTURE_AUTORELEASING = YES;
				CLANG_WARN_BOOL_CONVERSION = YES;
				CLANG_WARN_COMMA = YES;
				CLANG_WARN_CONSTANT_CONVERSION = YES;
				CLANG_WARN_DEPRECATED_OBJC_IMPLEMENTATIONS = YES;
				CLANG_WARN_DIRECT_OBJC_ISA_USAGE = YES_ERROR;
				CLANG_WARN_DOCUMENTATION_COMMENTS = YES;
				CLANG_WARN_EMPTY_BODY = YES;
				CLANG_WARN_ENUM_CONVERSION = YES;
				CLANG_WARN_INFINITE_RECURSION = YES;
				CLANG_WARN_INT_CONVERSION = YES;
				CLANG_WARN_NON_LITERAL_NULL_CONVERSION = YES;
				CLANG_WARN_OBJC_IMPLICIT_RETAIN_SELF = YES;
				CLANG_WARN_OBJC_LITERAL_CONVERSION = YES;
				CLANG_WARN_OBJC_ROOT_CLASS = YES_ERROR;
				CLANG_WARN_RANGE_LOOP_ANALYSIS = YES;
				CLANG_WARN_STRICT_PROTOTYPES = YES;
				CLANG_WARN_SUSPICIOUS_MOVE = YES;
				CLANG_WARN_UNGUARDED_AVAILABILITY = YES_AGGRESSIVE;
				CLANG_WARN_UNREACHABLE_CODE = YES;
				CLANG_WARN__DUPLICATE_METHOD_MATCH = YES;
				CODE_SIGN_IDENTITY = "iPhone Developer";
				COPY_PHASE_STRIP = NO;
				DEBUG_INFORMATION_FORMAT = dwarf;
				ENABLE_STRICT_OBJC_MSGSEND = YES;
				ENABLE_TESTABILITY = YES;
				GCC_C_LANGUAGE_STANDARD = gnu11;
				GCC_DYNAMIC_NO_PIC = NO;
				GCC_NO_COMMON_BLOCKS = YES;
				GCC_OPTIMIZATION_LEVEL = 0;
				GCC_PREPROCESSOR_DEFINITIONS = (
					"DEBUG=1",
					"$(inherited)",
				);
				GCC_WARN_64_TO_32_BIT_CONVERSION = YES;
				GCC_WARN_ABOUT_RETURN_TYPE = YES_ERROR;
				GCC_WARN_UNDECLARED_SELECTOR = YES;
				GCC_WARN_UNINITIALIZED_AUTOS = YES_AGGRESSIVE;
				GCC_WARN_UNUSED_FUNCTION = YES;
				GCC_WARN_UNUSED_VARIABLE = YES;
				IPHONEOS_DEPLOYMENT_TARGET = 12.1;
				MTL_ENABLE_DEBUG_INFO = INCLUDE_SOURCE;
				MTL_FAST_MATH = YES;
				ONLY_ACTIVE_ARCH = YES;
				SDKROOT = iphoneos;
				SWIFT_ACTIVE_COMPILATION_CONDITIONS = DEBUG;
				SWIFT_OPTIMIZATION_LEVEL = "-Onone";
			};
			name = Debug;
		};
		AB38C45D21EBA307003C77D7 /* Release */ = {
			isa = XCBuildConfiguration;
			buildSettings = {
				ALWAYS_SEARCH_USER_PATHS = NO;
				CLANG_ANALYZER_NONNULL = YES;
				CLANG_ANALYZER_NUMBER_OBJECT_CONVERSION = YES_AGGRESSIVE;
				CLANG_CXX_LANGUAGE_STANDARD = "gnu++14";
				CLANG_CXX_LIBRARY = "libc++";
				CLANG_ENABLE_MODULES = YES;
				CLANG_ENABLE_OBJC_ARC = YES;
				CLANG_ENABLE_OBJC_WEAK = YES;
				CLANG_WARN_BLOCK_CAPTURE_AUTORELEASING = YES;
				CLANG_WARN_BOOL_CONVERSION = YES;
				CLANG_WARN_COMMA = YES;
				CLANG_WARN_CONSTANT_CONVERSION = YES;
				CLANG_WARN_DEPRECATED_OBJC_IMPLEMENTATIONS = YES;
				CLANG_WARN_DIRECT_OBJC_ISA_USAGE = YES_ERROR;
				CLANG_WARN_DOCUMENTATION_COMMENTS = YES;
				CLANG_WARN_EMPTY_BODY = YES;
				CLANG_WARN_ENUM_CONVERSION = YES;
				CLANG_WARN_INFINITE_RECURSION = YES;
				CLANG_WARN_INT_CONVERSION = YES;
				CLANG_WARN_NON_LITERAL_NULL_CONVERSION = YES;
				CLANG_WARN_OBJC_IMPLICIT_RETAIN_SELF = YES;
				CLANG_WARN_OBJC_LITERAL_CONVERSION = YES;
				CLANG_WARN_OBJC_ROOT_CLASS = YES_ERROR;
				CLANG_WARN_RANGE_LOOP_ANALYSIS = YES;
				CLANG_WARN_STRICT_PROTOTYPES = YES;
				CLANG_WARN_SUSPICIOUS_MOVE = YES;
				CLANG_WARN_UNGUARDED_AVAILABILITY = YES_AGGRESSIVE;
				CLANG_WARN_UNREACHABLE_CODE = YES;
				CLANG_WARN__DUPLICATE_METHOD_MATCH = YES;
				CODE_SIGN_IDENTITY = "iPhone Developer";
				COPY_PHASE_STRIP = NO;
				DEBUG_INFORMATION_FORMAT = "dwarf-with-dsym";
				ENABLE_NS_ASSERTIONS = NO;
				ENABLE_STRICT_OBJC_MSGSEND = YES;
				GCC_C_LANGUAGE_STANDARD = gnu11;
				GCC_NO_COMMON_BLOCKS = YES;
				GCC_WARN_64_TO_32_BIT_CONVERSION = YES;
				GCC_WARN_ABOUT_RETURN_TYPE = YES_ERROR;
				GCC_WARN_UNDECLARED_SELECTOR = YES;
				GCC_WARN_UNINITIALIZED_AUTOS = YES_AGGRESSIVE;
				GCC_WARN_UNUSED_FUNCTION = YES;
				GCC_WARN_UNUSED_VARIABLE = YES;
				IPHONEOS_DEPLOYMENT_TARGET = 12.1;
				MTL_ENABLE_DEBUG_INFO = NO;
				MTL_FAST_MATH = YES;
				SDKROOT = iphoneos;
				SWIFT_COMPILATION_MODE = wholemodule;
				SWIFT_OPTIMIZATION_LEVEL = "-O";
				VALIDATE_PRODUCT = YES;
			};
			name = Release;
		};
		AB38C45F21EBA307003C77D7 /* Debug */ = {
			isa = XCBuildConfiguration;
			buildSettings = {
				ASSETCATALOG_COMPILER_APPICON_NAME = AppIcon;
				CODE_SIGN_STYLE = Automatic;
				INFOPLIST_FILE = Pomodoro/Info.plist;
				LD_RUNPATH_SEARCH_PATHS = (
					"$(inherited)",
					"@executable_path/Frameworks",
				);
				PRODUCT_BUNDLE_IDENTIFIER = sonniehiles.Pomodoro;
				PRODUCT_NAME = "$(TARGET_NAME)";
				SWIFT_VERSION = 4.2;
				TARGETED_DEVICE_FAMILY = "1,2";
			};
			name = Debug;
		};
		AB38C46021EBA307003C77D7 /* Release */ = {
			isa = XCBuildConfiguration;
			buildSettings = {
				ASSETCATALOG_COMPILER_APPICON_NAME = AppIcon;
				CODE_SIGN_STYLE = Automatic;
				INFOPLIST_FILE = Pomodoro/Info.plist;
				LD_RUNPATH_SEARCH_PATHS = (
					"$(inherited)",
					"@executable_path/Frameworks",
				);
				PRODUCT_BUNDLE_IDENTIFIER = sonniehiles.Pomodoro;
				PRODUCT_NAME = "$(TARGET_NAME)";
				SWIFT_VERSION = 4.2;
				TARGETED_DEVICE_FAMILY = "1,2";
			};
			name = Release;
		};
		AB38C46221EBA307003C77D7 /* Debug */ = {
			isa = XCBuildConfiguration;
			buildSettings = {
				ALWAYS_EMBED_SWIFT_STANDARD_LIBRARIES = YES;
				BUNDLE_LOADER = "$(TEST_HOST)";
				CODE_SIGN_STYLE = Automatic;
				INFOPLIST_FILE = PomodoroTests/Info.plist;
				LD_RUNPATH_SEARCH_PATHS = (
					"$(inherited)",
					"@executable_path/Frameworks",
					"@loader_path/Frameworks",
				);
				PRODUCT_BUNDLE_IDENTIFIER = sonniehiles.PomodoroTests;
				PRODUCT_NAME = "$(TARGET_NAME)";
				SWIFT_VERSION = 4.2;
				TARGETED_DEVICE_FAMILY = "1,2";
				TEST_HOST = "$(BUILT_PRODUCTS_DIR)/Pomodoro.app/Pomodoro";
			};
			name = Debug;
		};
		AB38C46321EBA307003C77D7 /* Release */ = {
			isa = XCBuildConfiguration;
			buildSettings = {
				ALWAYS_EMBED_SWIFT_STANDARD_LIBRARIES = YES;
				BUNDLE_LOADER = "$(TEST_HOST)";
				CODE_SIGN_STYLE = Automatic;
				INFOPLIST_FILE = PomodoroTests/Info.plist;
				LD_RUNPATH_SEARCH_PATHS = (
					"$(inherited)",
					"@executable_path/Frameworks",
					"@loader_path/Frameworks",
				);
				PRODUCT_BUNDLE_IDENTIFIER = sonniehiles.PomodoroTests;
				PRODUCT_NAME = "$(TARGET_NAME)";
				SWIFT_VERSION = 4.2;
				TARGETED_DEVICE_FAMILY = "1,2";
				TEST_HOST = "$(BUILT_PRODUCTS_DIR)/Pomodoro.app/Pomodoro";
			};
			name = Release;
		};
		AB38C46521EBA307003C77D7 /* Debug */ = {
			isa = XCBuildConfiguration;
			buildSettings = {
				ALWAYS_EMBED_SWIFT_STANDARD_LIBRARIES = YES;
				CODE_SIGN_STYLE = Automatic;
				INFOPLIST_FILE = PomodoroUITests/Info.plist;
				LD_RUNPATH_SEARCH_PATHS = (
					"$(inherited)",
					"@executable_path/Frameworks",
					"@loader_path/Frameworks",
				);
				PRODUCT_BUNDLE_IDENTIFIER = sonniehiles.PomodoroUITests;
				PRODUCT_NAME = "$(TARGET_NAME)";
				SWIFT_VERSION = 4.2;
				TARGETED_DEVICE_FAMILY = "1,2";
				TEST_TARGET_NAME = Pomodoro;
			};
			name = Debug;
		};
		AB38C46621EBA307003C77D7 /* Release */ = {
			isa = XCBuildConfiguration;
			buildSettings = {
				ALWAYS_EMBED_SWIFT_STANDARD_LIBRARIES = YES;
				CODE_SIGN_STYLE = Automatic;
				INFOPLIST_FILE = PomodoroUITests/Info.plist;
				LD_RUNPATH_SEARCH_PATHS = (
					"$(inherited)",
					"@executable_path/Frameworks",
					"@loader_path/Frameworks",
				);
				PRODUCT_BUNDLE_IDENTIFIER = sonniehiles.PomodoroUITests;
				PRODUCT_NAME = "$(TARGET_NAME)";
				SWIFT_VERSION = 4.2;
				TARGETED_DEVICE_FAMILY = "1,2";
				TEST_TARGET_NAME = Pomodoro;
			};
			name = Release;
		};
/* End XCBuildConfiguration section */

/* Begin XCConfigurationList section */
		AB38C43121EBA306003C77D7 /* Build configuration list for PBXProject "Pomodoro" */ = {
			isa = XCConfigurationList;
			buildConfigurations = (
				AB38C45C21EBA307003C77D7 /* Debug */,
				AB38C45D21EBA307003C77D7 /* Release */,
			);
			defaultConfigurationIsVisible = 0;
			defaultConfigurationName = Release;
		};
		AB38C45E21EBA307003C77D7 /* Build configuration list for PBXNativeTarget "Pomodoro" */ = {
			isa = XCConfigurationList;
			buildConfigurations = (
				AB38C45F21EBA307003C77D7 /* Debug */,
				AB38C46021EBA307003C77D7 /* Release */,
			);
			defaultConfigurationIsVisible = 0;
			defaultConfigurationName = Release;
		};
		AB38C46121EBA307003C77D7 /* Build configuration list for PBXNativeTarget "PomodoroTests" */ = {
			isa = XCConfigurationList;
			buildConfigurations = (
				AB38C46221EBA307003C77D7 /* Debug */,
				AB38C46321EBA307003C77D7 /* Release */,
			);
			defaultConfigurationIsVisible = 0;
			defaultConfigurationName = Release;
		};
		AB38C46421EBA307003C77D7 /* Build configuration list for PBXNativeTarget "PomodoroUITests" */ = {
			isa = XCConfigurationList;
			buildConfigurations = (
				AB38C46521EBA307003C77D7 /* Debug */,
				AB38C46621EBA307003C77D7 /* Release */,
			);
			defaultConfigurationIsVisible = 0;
			defaultConfigurationName = Release;
		};
/* End XCConfigurationList section */
	};
	rootObject = AB38C42E21EBA306003C77D7 /* Project object */;
}
