// !$*UTF8*$!
{
	archiveVersion = 1;
	classes = {
	};
	objectVersion = 50;
	objects = {

/* Begin PBXBuildFile section */
		AB2103602225EE9500D4101F /* Format.swift in Sources */ = {isa = PBXBuildFile; fileRef = AB21035F2225EE9500D4101F /* Format.swift */; };
		AB2103622225EFEF00D4101F /* FormatTest.swift in Sources */ = {isa = PBXBuildFile; fileRef = AB2103612225EFEF00D4101F /* FormatTest.swift */; };
		AB2799BF2219CBD200D092C9 /* pomodoro.xcdatamodeld in Sources */ = {isa = PBXBuildFile; fileRef = AB2799BD2219CBD200D092C9 /* pomodoro.xcdatamodeld */; };
		AB2F94C62207885E00F9F0F6 /* Defaults.swift in Sources */ = {isa = PBXBuildFile; fileRef = AB2F94C52207885E00F9F0F6 /* Defaults.swift */; };
		AB348E1A21F638B100A97CEA /* TimeViewer.swift in Sources */ = {isa = PBXBuildFile; fileRef = AB348E1921F638B100A97CEA /* TimeViewer.swift */; };
		AB348E1C21F686A700A97CEA /* TimeViewerProgress.swift in Sources */ = {isa = PBXBuildFile; fileRef = AB348E1B21F686A700A97CEA /* TimeViewerProgress.swift */; };
		AB38C43A21EBA306003C77D7 /* AppDelegate.swift in Sources */ = {isa = PBXBuildFile; fileRef = AB38C43921EBA306003C77D7 /* AppDelegate.swift */; };
		AB38C43C21EBA306003C77D7 /* TimerViewController.swift in Sources */ = {isa = PBXBuildFile; fileRef = AB38C43B21EBA306003C77D7 /* TimerViewController.swift */; };
		AB38C43F21EBA306003C77D7 /* Settings.storyboard in Resources */ = {isa = PBXBuildFile; fileRef = AB38C43D21EBA306003C77D7 /* Settings.storyboard */; };
		AB38C44121EBA307003C77D7 /* Assets.xcassets in Resources */ = {isa = PBXBuildFile; fileRef = AB38C44021EBA307003C77D7 /* Assets.xcassets */; };
		AB38C44421EBA307003C77D7 /* LaunchScreen.storyboard in Resources */ = {isa = PBXBuildFile; fileRef = AB38C44221EBA307003C77D7 /* LaunchScreen.storyboard */; };
		AB38C45A21EBA307003C77D7 /* PomodoroUITests.swift in Sources */ = {isa = PBXBuildFile; fileRef = AB38C45921EBA307003C77D7 /* PomodoroUITests.swift */; };
		AB40059F2224EDE1004EABD7 /* Subject+CoreDataClass.swift in Sources */ = {isa = PBXBuildFile; fileRef = AB40059B2224EDE1004EABD7 /* Subject+CoreDataClass.swift */; };
		AB4005A02224EDE1004EABD7 /* Subject+CoreDataProperties.swift in Sources */ = {isa = PBXBuildFile; fileRef = AB40059C2224EDE1004EABD7 /* Subject+CoreDataProperties.swift */; };
		AB4005A12224EDE1004EABD7 /* Session+CoreDataClass.swift in Sources */ = {isa = PBXBuildFile; fileRef = AB40059D2224EDE1004EABD7 /* Session+CoreDataClass.swift */; };
		AB4005A22224EDE1004EABD7 /* Session+CoreDataProperties.swift in Sources */ = {isa = PBXBuildFile; fileRef = AB40059E2224EDE1004EABD7 /* Session+CoreDataProperties.swift */; };
		AB5EF90F21ECB2CE0034A276 /* TimeController.swift in Sources */ = {isa = PBXBuildFile; fileRef = AB5EF90E21ECB2CE0034A276 /* TimeController.swift */; };
		AB883BA922292CCE00D0DA09 /* AudioNotificationController.swift in Sources */ = {isa = PBXBuildFile; fileRef = AB883BA822292CCE00D0DA09 /* AudioNotificationController.swift */; };
		AB883BAC22296BBB00D0DA09 /* PersistanceServiceTest.swift in Sources */ = {isa = PBXBuildFile; fileRef = AB883BAB22296BBB00D0DA09 /* PersistanceServiceTest.swift */; };
		AB883BAF22296D1600D0DA09 /* pomodoroTest.xcdatamodeld in Sources */ = {isa = PBXBuildFile; fileRef = AB883BAD22296D1600D0DA09 /* pomodoroTest.xcdatamodeld */; };
		AB883BB022296D1600D0DA09 /* pomodoroTest.xcdatamodeld in Sources */ = {isa = PBXBuildFile; fileRef = AB883BAD22296D1600D0DA09 /* pomodoroTest.xcdatamodeld */; };
		AB8A015421F39F6100D0F6EA /* Converter.swift in Sources */ = {isa = PBXBuildFile; fileRef = AB8A015321F39F6100D0F6EA /* Converter.swift */; };
		AB8D28632208FFAF000C4312 /* MainViewController.swift in Sources */ = {isa = PBXBuildFile; fileRef = AB8D28622208FFAF000C4312 /* MainViewController.swift */; };
		AB9661F021EE0AF6003BD4E2 /* TimeTypes.swift in Sources */ = {isa = PBXBuildFile; fileRef = AB9661EF21EE0AF6003BD4E2 /* TimeTypes.swift */; };
		ABA8A8D6221ADA5D00847448 /* Persistance Service.swift in Sources */ = {isa = PBXBuildFile; fileRef = ABA8A8D5221ADA5D00847448 /* Persistance Service.swift */; };
		ABB2A5E521F60552008E4D62 /* ConverterTest.swift in Sources */ = {isa = PBXBuildFile; fileRef = ABB2A5E421F60552008E4D62 /* ConverterTest.swift */; };
		ABB9C6572225C221007CAE6B /* StatsViewController.swift in Sources */ = {isa = PBXBuildFile; fileRef = ABB9C6562225C221007CAE6B /* StatsViewController.swift */; };
		ABD3C38D2224B18600D7F902 /* DefaultsTest.swift in Sources */ = {isa = PBXBuildFile; fileRef = ABD3C38C2224B18600D7F902 /* DefaultsTest.swift */; };
		ABD3C3902224B67300D7F902 /* TimerTest.swift in Sources */ = {isa = PBXBuildFile; fileRef = ABD3C38F2224B67300D7F902 /* TimerTest.swift */; };
		ABE7B58F21FF3180001D625C /* TimeSelectCell.swift in Sources */ = {isa = PBXBuildFile; fileRef = ABE7B58E21FF3180001D625C /* TimeSelectCell.swift */; };
		ABEBC69921EF579500CFD262 /* TimeChunk.swift in Sources */ = {isa = PBXBuildFile; fileRef = ABEBC69821EF579500CFD262 /* TimeChunk.swift */; };
		ABEBC69D21F2009300CFD262 /* SettingsViewController.swift in Sources */ = {isa = PBXBuildFile; fileRef = ABEBC69C21F2009300CFD262 /* SettingsViewController.swift */; };
		ABFA9F56221C2FE700B76FAA /* SubjectManagementTable.swift in Sources */ = {isa = PBXBuildFile; fileRef = ABFA9F55221C2FE700B76FAA /* SubjectManagementTable.swift */; };
		ABFFD7AD21FE9A260033199D /* TimeSelectionTable.swift in Sources */ = {isa = PBXBuildFile; fileRef = ABFFD7AC21FE9A260033199D /* TimeSelectionTable.swift */; };
/* End PBXBuildFile section */

/* Begin PBXContainerItemProxy section */
		AB38C44B21EBA307003C77D7 /* PBXContainerItemProxy */ = {
			isa = PBXContainerItemProxy;
			containerPortal = AB38C42E21EBA306003C77D7 /* Project object */;
			proxyType = 1;
			remoteGlobalIDString = AB38C43521EBA306003C77D7;
			remoteInfo = Pomodoro;
		};
		AB38C45621EBA307003C77D7 /* PBXContainerItemProxy */ = {
			isa = PBXContainerItemProxy;
			containerPortal = AB38C42E21EBA306003C77D7 /* Project object */;
			proxyType = 1;
			remoteGlobalIDString = AB38C43521EBA306003C77D7;
			remoteInfo = Pomodoro;
		};
/* End PBXContainerItemProxy section */

/* Begin PBXFileReference section */
		AB21035F2225EE9500D4101F /* Format.swift */ = {isa = PBXFileReference; lastKnownFileType = sourcecode.swift; path = Format.swift; sourceTree = "<group>"; };
		AB2103612225EFEF00D4101F /* FormatTest.swift */ = {isa = PBXFileReference; lastKnownFileType = sourcecode.swift; path = FormatTest.swift; sourceTree = "<group>"; };
		AB2799BE2219CBD200D092C9 /* pomodoro.xcdatamodel */ = {isa = PBXFileReference; lastKnownFileType = wrapper.xcdatamodel; path = pomodoro.xcdatamodel; sourceTree = "<group>"; };
		AB2F94C52207885E00F9F0F6 /* Defaults.swift */ = {isa = PBXFileReference; lastKnownFileType = sourcecode.swift; path = Defaults.swift; sourceTree = "<group>"; };
		AB348E1921F638B100A97CEA /* TimeViewer.swift */ = {isa = PBXFileReference; lastKnownFileType = sourcecode.swift; path = TimeViewer.swift; sourceTree = "<group>"; };
		AB348E1B21F686A700A97CEA /* TimeViewerProgress.swift */ = {isa = PBXFileReference; lastKnownFileType = sourcecode.swift; path = TimeViewerProgress.swift; sourceTree = "<group>"; };
		AB38C43621EBA306003C77D7 /* Pomodoro.app */ = {isa = PBXFileReference; explicitFileType = wrapper.application; includeInIndex = 0; path = Pomodoro.app; sourceTree = BUILT_PRODUCTS_DIR; };
		AB38C43921EBA306003C77D7 /* AppDelegate.swift */ = {isa = PBXFileReference; lastKnownFileType = sourcecode.swift; path = AppDelegate.swift; sourceTree = "<group>"; };
		AB38C43B21EBA306003C77D7 /* TimerViewController.swift */ = {isa = PBXFileReference; lastKnownFileType = sourcecode.swift; path = TimerViewController.swift; sourceTree = "<group>"; };
		AB38C43E21EBA306003C77D7 /* Base */ = {isa = PBXFileReference; lastKnownFileType = file.storyboard; name = Base; path = Base.lproj/Settings.storyboard; sourceTree = "<group>"; };
		AB38C44021EBA307003C77D7 /* Assets.xcassets */ = {isa = PBXFileReference; lastKnownFileType = folder.assetcatalog; path = Assets.xcassets; sourceTree = "<group>"; };
		AB38C44321EBA307003C77D7 /* Base */ = {isa = PBXFileReference; lastKnownFileType = file.storyboard; name = Base; path = Base.lproj/LaunchScreen.storyboard; sourceTree = "<group>"; };
		AB38C44521EBA307003C77D7 /* Info.plist */ = {isa = PBXFileReference; lastKnownFileType = text.plist.xml; path = Info.plist; sourceTree = "<group>"; };
		AB38C44A21EBA307003C77D7 /* PomodoroTests.xctest */ = {isa = PBXFileReference; explicitFileType = wrapper.cfbundle; includeInIndex = 0; path = PomodoroTests.xctest; sourceTree = BUILT_PRODUCTS_DIR; };
		AB38C45021EBA307003C77D7 /* Info.plist */ = {isa = PBXFileReference; lastKnownFileType = text.plist.xml; path = Info.plist; sourceTree = "<group>"; };
		AB38C45521EBA307003C77D7 /* PomodoroUITests.xctest */ = {isa = PBXFileReference; explicitFileType = wrapper.cfbundle; includeInIndex = 0; path = PomodoroUITests.xctest; sourceTree = BUILT_PRODUCTS_DIR; };
		AB38C45921EBA307003C77D7 /* PomodoroUITests.swift */ = {isa = PBXFileReference; lastKnownFileType = sourcecode.swift; path = PomodoroUITests.swift; sourceTree = "<group>"; };
		AB38C45B21EBA307003C77D7 /* Info.plist */ = {isa = PBXFileReference; lastKnownFileType = text.plist.xml; path = Info.plist; sourceTree = "<group>"; };
		AB40059B2224EDE1004EABD7 /* Subject+CoreDataClass.swift */ = {isa = PBXFileReference; lastKnownFileType = sourcecode.swift; path = "Subject+CoreDataClass.swift"; sourceTree = "<group>"; };
		AB40059C2224EDE1004EABD7 /* Subject+CoreDataProperties.swift */ = {isa = PBXFileReference; lastKnownFileType = sourcecode.swift; path = "Subject+CoreDataProperties.swift"; sourceTree = "<group>"; };
		AB40059D2224EDE1004EABD7 /* Session+CoreDataClass.swift */ = {isa = PBXFileReference; lastKnownFileType = sourcecode.swift; path = "Session+CoreDataClass.swift"; sourceTree = "<group>"; };
		AB40059E2224EDE1004EABD7 /* Session+CoreDataProperties.swift */ = {isa = PBXFileReference; lastKnownFileType = sourcecode.swift; path = "Session+CoreDataProperties.swift"; sourceTree = "<group>"; };
		AB5EF90E21ECB2CE0034A276 /* TimeController.swift */ = {isa = PBXFileReference; lastKnownFileType = sourcecode.swift; path = TimeController.swift; sourceTree = "<group>"; };
		AB883BA822292CCE00D0DA09 /* AudioNotificationController.swift */ = {isa = PBXFileReference; lastKnownFileType = sourcecode.swift; path = AudioNotificationController.swift; sourceTree = "<group>"; };
		AB883BAB22296BBB00D0DA09 /* PersistanceServiceTest.swift */ = {isa = PBXFileReference; lastKnownFileType = sourcecode.swift; path = PersistanceServiceTest.swift; sourceTree = "<group>"; };
		AB883BAE22296D1600D0DA09 /* pomodoroTest.xcdatamodel */ = {isa = PBXFileReference; lastKnownFileType = wrapper.xcdatamodel; path = pomodoroTest.xcdatamodel; sourceTree = "<group>"; };
		AB8A015321F39F6100D0F6EA /* Converter.swift */ = {isa = PBXFileReference; lastKnownFileType = sourcecode.swift; path = Converter.swift; sourceTree = "<group>"; };
		AB8D28622208FFAF000C4312 /* MainViewController.swift */ = {isa = PBXFileReference; lastKnownFileType = sourcecode.swift; path = MainViewController.swift; sourceTree = "<group>"; };
		AB9661EF21EE0AF6003BD4E2 /* TimeTypes.swift */ = {isa = PBXFileReference; lastKnownFileType = sourcecode.swift; path = TimeTypes.swift; sourceTree = "<group>"; };
		ABA8A8D5221ADA5D00847448 /* Persistance Service.swift */ = {isa = PBXFileReference; lastKnownFileType = sourcecode.swift; path = "Persistance Service.swift"; sourceTree = "<group>"; };
		ABB2A5E421F60552008E4D62 /* ConverterTest.swift */ = {isa = PBXFileReference; lastKnownFileType = sourcecode.swift; path = ConverterTest.swift; sourceTree = "<group>"; };
		ABB9C6562225C221007CAE6B /* StatsViewController.swift */ = {isa = PBXFileReference; lastKnownFileType = sourcecode.swift; path = StatsViewController.swift; sourceTree = "<group>"; };
		ABD3C38C2224B18600D7F902 /* DefaultsTest.swift */ = {isa = PBXFileReference; lastKnownFileType = sourcecode.swift; path = DefaultsTest.swift; sourceTree = "<group>"; };
		ABD3C38F2224B67300D7F902 /* TimerTest.swift */ = {isa = PBXFileReference; lastKnownFileType = sourcecode.swift; path = TimerTest.swift; sourceTree = "<group>"; };
		ABE7B58E21FF3180001D625C /* TimeSelectCell.swift */ = {isa = PBXFileReference; lastKnownFileType = sourcecode.swift; path = TimeSelectCell.swift; sourceTree = "<group>"; };
		ABEBC69821EF579500CFD262 /* TimeChunk.swift */ = {isa = PBXFileReference; lastKnownFileType = sourcecode.swift; path = TimeChunk.swift; sourceTree = "<group>"; };
		ABEBC69C21F2009300CFD262 /* SettingsViewController.swift */ = {isa = PBXFileReference; lastKnownFileType = sourcecode.swift; path = SettingsViewController.swift; sourceTree = "<group>"; };
		ABFA9F55221C2FE700B76FAA /* SubjectManagementTable.swift */ = {isa = PBXFileReference; lastKnownFileType = sourcecode.swift; path = SubjectManagementTable.swift; sourceTree = "<group>"; };
		ABFFD7AC21FE9A260033199D /* TimeSelectionTable.swift */ = {isa = PBXFileReference; lastKnownFileType = sourcecode.swift; path = TimeSelectionTable.swift; sourceTree = "<group>"; };
/* End PBXFileReference section */

/* Begin PBXFrameworksBuildPhase section */
		AB38C43321EBA306003C77D7 /* Frameworks */ = {
			isa = PBXFrameworksBuildPhase;
			buildActionMask = 2147483647;
			files = (
			);
			runOnlyForDeploymentPostprocessing = 0;
		};
		AB38C44721EBA307003C77D7 /* Frameworks */ = {
			isa = PBXFrameworksBuildPhase;
			buildActionMask = 2147483647;
			files = (
			);
			runOnlyForDeploymentPostprocessing = 0;
		};
		AB38C45221EBA307003C77D7 /* Frameworks */ = {
			isa = PBXFrameworksBuildPhase;
			buildActionMask = 2147483647;
			files = (
			);
			runOnlyForDeploymentPostprocessing = 0;
		};
/* End PBXFrameworksBuildPhase section */

/* Begin PBXGroup section */
		AB348E1621F6389400A97CEA /* ViewItems */ = {
			isa = PBXGroup;
			children = (
				AB348E1921F638B100A97CEA /* TimeViewer.swift */,
				AB348E1B21F686A700A97CEA /* TimeViewerProgress.swift */,
				ABFFD7AC21FE9A260033199D /* TimeSelectionTable.swift */,
				ABE7B58E21FF3180001D625C /* TimeSelectCell.swift */,
				ABFA9F55221C2FE700B76FAA /* SubjectManagementTable.swift */,
			);
			path = ViewItems;
			sourceTree = "<group>";
		};
		AB38C42D21EBA306003C77D7 = {
			isa = PBXGroup;
			children = (
				AB38C43821EBA306003C77D7 /* Pomodoro */,
				AB38C44D21EBA307003C77D7 /* PomodoroTests */,
				AB38C45821EBA307003C77D7 /* PomodoroUITests */,
				AB38C43721EBA306003C77D7 /* Products */,
			);
			sourceTree = "<group>";
		};
		AB38C43721EBA306003C77D7 /* Products */ = {
			isa = PBXGroup;
			children = (
				AB38C43621EBA306003C77D7 /* Pomodoro.app */,
				AB38C44A21EBA307003C77D7 /* PomodoroTests.xctest */,
				AB38C45521EBA307003C77D7 /* PomodoroUITests.xctest */,
			);
			name = Products;
			sourceTree = "<group>";
		};
		AB38C43821EBA306003C77D7 /* Pomodoro */ = {
			isa = PBXGroup;
			children = (
				AB8D28612208FE41000C4312 /* View Controllers */,
				AB348E1621F6389400A97CEA /* ViewItems */,
				ABA8A8D4221ADA1D00847448 /* Persistance */,
				AB883BA722292C5A00D0DA09 /* Notification */,
				AB8A015221F39F1400D0F6EA /* Util */,
				AB5EF90D21ECB2AA0034A276 /* Timer */,
				AB38C43921EBA306003C77D7 /* AppDelegate.swift */,
				AB883BAD22296D1600D0DA09 /* pomodoroTest.xcdatamodeld */,
				AB2799BD2219CBD200D092C9 /* pomodoro.xcdatamodeld */,
				AB38C44021EBA307003C77D7 /* Assets.xcassets */,
				AB38C44221EBA307003C77D7 /* LaunchScreen.storyboard */,
				AB38C44521EBA307003C77D7 /* Info.plist */,
			);
			path = Pomodoro;
			sourceTree = "<group>";
		};
		AB38C44D21EBA307003C77D7 /* PomodoroTests */ = {
			isa = PBXGroup;
			children = (
				AB883BAA22296ABD00D0DA09 /* Persistance */,
				ABD3C38E2224B65F00D7F902 /* Timer */,
				ABB2A5E321F60537008E4D62 /* Util */,
				AB38C45021EBA307003C77D7 /* Info.plist */,
			);
			path = PomodoroTests;
			sourceTree = "<group>";
		};
		AB38C45821EBA307003C77D7 /* PomodoroUITests */ = {
			isa = PBXGroup;
			children = (
				AB38C45921EBA307003C77D7 /* PomodoroUITests.swift */,
				AB38C45B21EBA307003C77D7 /* Info.plist */,
			);
			path = PomodoroUITests;
			sourceTree = "<group>";
		};
		AB5EF90D21ECB2AA0034A276 /* Timer */ = {
			isa = PBXGroup;
			children = (
				AB5EF90E21ECB2CE0034A276 /* TimeController.swift */,
				AB9661EF21EE0AF6003BD4E2 /* TimeTypes.swift */,
				ABEBC69821EF579500CFD262 /* TimeChunk.swift */,
			);
			path = Timer;
			sourceTree = "<group>";
		};
		AB883BA722292C5A00D0DA09 /* Notification */ = {
			isa = PBXGroup;
			children = (
				AB883BA822292CCE00D0DA09 /* AudioNotificationController.swift */,
			);
			path = Notification;
			sourceTree = "<group>";
		};
		AB883BAA22296ABD00D0DA09 /* Persistance */ = {
			isa = PBXGroup;
			children = (
				AB883BAB22296BBB00D0DA09 /* PersistanceServiceTest.swift */,
			);
			path = Persistance;
			sourceTree = "<group>";
		};
		AB8A015221F39F1400D0F6EA /* Util */ = {
			isa = PBXGroup;
			children = (
				AB8A015321F39F6100D0F6EA /* Converter.swift */,
				AB2F94C52207885E00F9F0F6 /* Defaults.swift */,
				AB21035F2225EE9500D4101F /* Format.swift */,
			);
			path = Util;
			sourceTree = "<group>";
		};
		AB8D28612208FE41000C4312 /* View Controllers */ = {
			isa = PBXGroup;
			children = (
				AB8D28662209BB95000C4312 /* Storyboards */,
				ABEBC69C21F2009300CFD262 /* SettingsViewController.swift */,
				AB38C43B21EBA306003C77D7 /* TimerViewController.swift */,
				AB8D28622208FFAF000C4312 /* MainViewController.swift */,
				ABB9C6562225C221007CAE6B /* StatsViewController.swift */,
			);
			path = "View Controllers";
			sourceTree = "<group>";
		};
		AB8D28662209BB95000C4312 /* Storyboards */ = {
			isa = PBXGroup;
			children = (
				AB38C43D21EBA306003C77D7 /* Settings.storyboard */,
			);
			path = Storyboards;
			sourceTree = "<group>";
		};
		ABA8A8D4221ADA1D00847448 /* Persistance */ = {
			isa = PBXGroup;
			children = (
				AB40059B2224EDE1004EABD7 /* Subject+CoreDataClass.swift */,
				AB40059C2224EDE1004EABD7 /* Subject+CoreDataProperties.swift */,
				AB40059D2224EDE1004EABD7 /* Session+CoreDataClass.swift */,
				AB40059E2224EDE1004EABD7 /* Session+CoreDataProperties.swift */,
				ABA8A8D5221ADA5D00847448 /* Persistance Service.swift */,
			);
			path = Persistance;
			sourceTree = "<group>";
		};
		ABB2A5E321F60537008E4D62 /* Util */ = {
			isa = PBXGroup;
			children = (
				ABB2A5E421F60552008E4D62 /* ConverterTest.swift */,
				ABD3C38C2224B18600D7F902 /* DefaultsTest.swift */,
				AB2103612225EFEF00D4101F /* FormatTest.swift */,
			);
			path = Util;
			sourceTree = "<group>";
		};
		ABD3C38E2224B65F00D7F902 /* Timer */ = {
			isa = PBXGroup;
			children = (
				ABD3C38F2224B67300D7F902 /* TimerTest.swift */,
			);
			path = Timer;
			sourceTree = "<group>";
		};
/* End PBXGroup section */

/* Begin PBXNativeTarget section */
		AB38C43521EBA306003C77D7 /* Pomodoro */ = {
			isa = PBXNativeTarget;
			buildConfigurationList = AB38C45E21EBA307003C77D7 /* Build configuration list for PBXNativeTarget "Pomodoro" */;
			buildPhases = (
				AB38C43221EBA306003C77D7 /* Sources */,
				AB38C43321EBA306003C77D7 /* Frameworks */,
				AB38C43421EBA306003C77D7 /* Resources */,
			);
			buildRules = (
			);
			dependencies = (
			);
			name = Pomodoro;
			productName = Pomodoro;
			productReference = AB38C43621EBA306003C77D7 /* Pomodoro.app */;
			productType = "com.apple.product-type.application";
		};
		AB38C44921EBA307003C77D7 /* PomodoroTests */ = {
			isa = PBXNativeTarget;
			buildConfigurationList = AB38C46121EBA307003C77D7 /* Build configuration list for PBXNativeTarget "PomodoroTests" */;
			buildPhases = (
				AB38C44621EBA307003C77D7 /* Sources */,
				AB38C44721EBA307003C77D7 /* Frameworks */,
				AB38C44821EBA307003C77D7 /* Resources */,
			);
			buildRules = (
			);
			dependencies = (
				AB38C44C21EBA307003C77D7 /* PBXTargetDependency */,
			);
			name = PomodoroTests;
			productName = PomodoroTests;
			productReference = AB38C44A21EBA307003C77D7 /* PomodoroTests.xctest */;
			productType = "com.apple.product-type.bundle.unit-test";
		};
		AB38C45421EBA307003C77D7 /* PomodoroUITests */ = {
			isa = PBXNativeTarget;
			buildConfigurationList = AB38C46421EBA307003C77D7 /* Build configuration list for PBXNativeTarget "PomodoroUITests" */;
			buildPhases = (
				AB38C45121EBA307003C77D7 /* Sources */,
				AB38C45221EBA307003C77D7 /* Frameworks */,
				AB38C45321EBA307003C77D7 /* Resources */,
			);
			buildRules = (
			);
			dependencies = (
				AB38C45721EBA307003C77D7 /* PBXTargetDependency */,
			);
			name = PomodoroUITests;
			productName = PomodoroUITests;
			productReference = AB38C45521EBA307003C77D7 /* PomodoroUITests.xctest */;
			productType = "com.apple.product-type.bundle.ui-testing";
		};
/* End PBXNativeTarget section */

/* Begin PBXProject section */
		AB38C42E21EBA306003C77D7 /* Project object */ = {
			isa = PBXProject;
			attributes = {
				LastSwiftUpdateCheck = 1010;
				LastUpgradeCheck = 1010;
				ORGANIZATIONNAME = "Sonnie Hiles";
				TargetAttributes = {
					AB38C43521EBA306003C77D7 = {
						CreatedOnToolsVersion = 10.1;
						SystemCapabilities = {
							com.apple.BackgroundModes = {
								enabled = 0;
							};
						};
					};
					AB38C44921EBA307003C77D7 = {
						CreatedOnToolsVersion = 10.1;
						TestTargetID = AB38C43521EBA306003C77D7;
					};
					AB38C45421EBA307003C77D7 = {
						CreatedOnToolsVersion = 10.1;
						TestTargetID = AB38C43521EBA306003C77D7;
					};
				};
			};
			buildConfigurationList = AB38C43121EBA306003C77D7 /* Build configuration list for PBXProject "Pomodoro" */;
			compatibilityVersion = "Xcode 9.3";
			developmentRegion = en;
			hasScannedForEncodings = 0;
			knownRegions = (
				en,
				Base,
			);
			mainGroup = AB38C42D21EBA306003C77D7;
			productRefGroup = AB38C43721EBA306003C77D7 /* Products */;
			projectDirPath = "";
			projectRoot = "";
			targets = (
				AB38C43521EBA306003C77D7 /* Pomodoro */,
				AB38C44921EBA307003C77D7 /* PomodoroTests */,
				AB38C45421EBA307003C77D7 /* PomodoroUITests */,
			);
		};
/* End PBXProject section */

/* Begin PBXResourcesBuildPhase section */
		AB38C43421EBA306003C77D7 /* Resources */ = {
			isa = PBXResourcesBuildPhase;
			buildActionMask = 2147483647;
			files = (
				AB38C44421EBA307003C77D7 /* LaunchScreen.storyboard in Resources */,
				AB38C44121EBA307003C77D7 /* Assets.xcassets in Resources */,
				AB38C43F21EBA306003C77D7 /* Settings.storyboard in Resources */,
			);
			runOnlyForDeploymentPostprocessing = 0;
		};
		AB38C44821EBA307003C77D7 /* Resources */ = {
			isa = PBXResourcesBuildPhase;
			buildActionMask = 2147483647;
			files = (
			);
			runOnlyForDeploymentPostprocessing = 0;
		};
		AB38C45321EBA307003C77D7 /* Resources */ = {
			isa = PBXResourcesBuildPhase;
			buildActionMask = 2147483647;
			files = (
			);
			runOnlyForDeploymentPostprocessing = 0;
		};
/* End PBXResourcesBuildPhase section */

/* Begin PBXSourcesBuildPhase section */
		AB38C43221EBA306003C77D7 /* Sources */ = {
			isa = PBXSourcesBuildPhase;
			buildActionMask = 2147483647;
			files = (
				AB2103602225EE9500D4101F /* Format.swift in Sources */,
				AB4005A02224EDE1004EABD7 /* Subject+CoreDataProperties.swift in Sources */,
				ABEBC69921EF579500CFD262 /* TimeChunk.swift in Sources */,
				AB8D28632208FFAF000C4312 /* MainViewController.swift in Sources */,
				AB348E1C21F686A700A97CEA /* TimeViewerProgress.swift in Sources */,
				ABB9C6572225C221007CAE6B /* StatsViewController.swift in Sources */,
				AB38C43C21EBA306003C77D7 /* TimerViewController.swift in Sources */,
				ABA8A8D6221ADA5D00847448 /* Persistance Service.swift in Sources */,
				AB883BAF22296D1600D0DA09 /* pomodoroTest.xcdatamodeld in Sources */,
				AB2799BF2219CBD200D092C9 /* pomodoro.xcdatamodeld in Sources */,
				ABFA9F56221C2FE700B76FAA /* SubjectManagementTable.swift in Sources */,
				AB4005A22224EDE1004EABD7 /* Session+CoreDataProperties.swift in Sources */,
				AB4005A12224EDE1004EABD7 /* Session+CoreDataClass.swift in Sources */,
				AB38C43A21EBA306003C77D7 /* AppDelegate.swift in Sources */,
				AB8A015421F39F6100D0F6EA /* Converter.swift in Sources */,
				AB40059F2224EDE1004EABD7 /* Subject+CoreDataClass.swift in Sources */,
				AB348E1A21F638B100A97CEA /* TimeViewer.swift in Sources */,
				ABFFD7AD21FE9A260033199D /* TimeSelectionTable.swift in Sources */,
				AB9661F021EE0AF6003BD4E2 /* TimeTypes.swift in Sources */,
				AB5EF90F21ECB2CE0034A276 /* TimeController.swift in Sources */,
				AB883BA922292CCE00D0DA09 /* AudioNotificationController.swift in Sources */,
				AB2F94C62207885E00F9F0F6 /* Defaults.swift in Sources */,
				ABE7B58F21FF3180001D625C /* TimeSelectCell.swift in Sources */,
				ABEBC69D21F2009300CFD262 /* SettingsViewController.swift in Sources */,
			);
			runOnlyForDeploymentPostprocessing = 0;
		};
		AB38C44621EBA307003C77D7 /* Sources */ = {
			isa = PBXSourcesBuildPhase;
			buildActionMask = 2147483647;
			files = (
				AB2103622225EFEF00D4101F /* FormatTest.swift in Sources */,
				ABB2A5E521F60552008E4D62 /* ConverterTest.swift in Sources */,
				AB883BB022296D1600D0DA09 /* pomodoroTest.xcdatamodeld in Sources */,
				ABD3C3902224B67300D7F902 /* TimerTest.swift in Sources */,
				ABD3C38D2224B18600D7F902 /* DefaultsTest.swift in Sources */,
				AB883BAC22296BBB00D0DA09 /* PersistanceServiceTest.swift in Sources */,
			);
			runOnlyForDeploymentPostprocessing = 0;
		};
		AB38C45121EBA307003C77D7 /* Sources */ = {
			isa = PBXSourcesBuildPhase;
			buildActionMask = 2147483647;
			files = (
				AB38C45A21EBA307003C77D7 /* PomodoroUITests.swift in Sources */,
			);
			runOnlyForDeploymentPostprocessing = 0;
		};
/* End PBXSourcesBuildPhase section */

/* Begin PBXTargetDependency section */
		AB38C44C21EBA307003C77D7 /* PBXTargetDependency */ = {
			isa = PBXTargetDependency;
			target = AB38C43521EBA306003C77D7 /* Pomodoro */;
			targetProxy = AB38C44B21EBA307003C77D7 /* PBXContainerItemProxy */;
		};
		AB38C45721EBA307003C77D7 /* PBXTargetDependency */ = {
			isa = PBXTargetDependency;
			target = AB38C43521EBA306003C77D7 /* Pomodoro */;
			targetProxy = AB38C45621EBA307003C77D7 /* PBXContainerItemProxy */;
		};
/* End PBXTargetDependency section */

/* Begin PBXVariantGroup section */
		AB38C43D21EBA306003C77D7 /* Settings.storyboard */ = {
			isa = PBXVariantGroup;
			children = (
				AB38C43E21EBA306003C77D7 /* Base */,
			);
			name = Settings.storyboard;
			sourceTree = "<group>";
		};
		AB38C44221EBA307003C77D7 /* LaunchScreen.storyboard */ = {
			isa = PBXVariantGroup;
			children = (
				AB38C44321EBA307003C77D7 /* Base */,
			);
			name = LaunchScreen.storyboard;
			sourceTree = "<group>";
		};
/* End PBXVariantGroup section */

/* Begin XCBuildConfiguration section */
		AB38C45C21EBA307003C77D7 /* Debug */ = {
			isa = XCBuildConfiguration;
			buildSettings = {
				ALWAYS_SEARCH_USER_PATHS = NO;
				CLANG_ANALYZER_NONNULL = YES;
				CLANG_ANALYZER_NUMBER_OBJECT_CONVERSION = YES_AGGRESSIVE;
				CLANG_CXX_LANGUAGE_STANDARD = "gnu++14";
				CLANG_CXX_LIBRARY = "libc++";
				CLANG_ENABLE_MODULES = YES;
				CLANG_ENABLE_OBJC_ARC = YES;
				CLANG_ENABLE_OBJC_WEAK = YES;
				CLANG_WARN_BLOCK_CAPTURE_AUTORELEASING = YES;
				CLANG_WARN_BOOL_CONVERSION = YES;
				CLANG_WARN_COMMA = YES;
				CLANG_WARN_CONSTANT_CONVERSION = YES;
				CLANG_WARN_DEPRECATED_OBJC_IMPLEMENTATIONS = YES;
				CLANG_WARN_DIRECT_OBJC_ISA_USAGE = YES_ERROR;
				CLANG_WARN_DOCUMENTATION_COMMENTS = YES;
				CLANG_WARN_EMPTY_BODY = YES;
				CLANG_WARN_ENUM_CONVERSION = YES;
				CLANG_WARN_INFINITE_RECURSION = YES;
				CLANG_WARN_INT_CONVERSION = YES;
				CLANG_WARN_NON_LITERAL_NULL_CONVERSION = YES;
				CLANG_WARN_OBJC_IMPLICIT_RETAIN_SELF = YES;
				CLANG_WARN_OBJC_LITERAL_CONVERSION = YES;
				CLANG_WARN_OBJC_ROOT_CLASS = YES_ERROR;
				CLANG_WARN_RANGE_LOOP_ANALYSIS = YES;
				CLANG_WARN_STRICT_PROTOTYPES = YES;
				CLANG_WARN_SUSPICIOUS_MOVE = YES;
				CLANG_WARN_UNGUARDED_AVAILABILITY = YES_AGGRESSIVE;
				CLANG_WARN_UNREACHABLE_CODE = YES;
				CLANG_WARN__DUPLICATE_METHOD_MATCH = YES;
				CODE_SIGN_IDENTITY = "iPhone Developer";
				COPY_PHASE_STRIP = NO;
				DEBUG_INFORMATION_FORMAT = dwarf;
				ENABLE_STRICT_OBJC_MSGSEND = YES;
				ENABLE_TESTABILITY = YES;
				GCC_C_LANGUAGE_STANDARD = gnu11;
				GCC_DYNAMIC_NO_PIC = NO;
				GCC_NO_COMMON_BLOCKS = YES;
				GCC_OPTIMIZATION_LEVEL = 0;
				GCC_PREPROCESSOR_DEFINITIONS = (
					"DEBUG=1",
					"$(inherited)",
				);
				GCC_WARN_64_TO_32_BIT_CONVERSION = YES;
				GCC_WARN_ABOUT_RETURN_TYPE = YES_ERROR;
				GCC_WARN_UNDECLARED_SELECTOR = YES;
				GCC_WARN_UNINITIALIZED_AUTOS = YES_AGGRESSIVE;
				GCC_WARN_UNUSED_FUNCTION = YES;
				GCC_WARN_UNUSED_VARIABLE = YES;
				IPHONEOS_DEPLOYMENT_TARGET = 12.1;
				MTL_ENABLE_DEBUG_INFO = INCLUDE_SOURCE;
				MTL_FAST_MATH = YES;
				ONLY_ACTIVE_ARCH = YES;
				SDKROOT = iphoneos;
				SWIFT_ACTIVE_COMPILATION_CONDITIONS = DEBUG;
				SWIFT_OPTIMIZATION_LEVEL = "-Onone";
			};
			name = Debug;
		};
		AB38C45D21EBA307003C77D7 /* Release */ = {
			isa = XCBuildConfiguration;
			buildSettings = {
				ALWAYS_SEARCH_USER_PATHS = NO;
				CLANG_ANALYZER_NONNULL = YES;
				CLANG_ANALYZER_NUMBER_OBJECT_CONVERSION = YES_AGGRESSIVE;
				CLANG_CXX_LANGUAGE_STANDARD = "gnu++14";
				CLANG_CXX_LIBRARY = "libc++";
				CLANG_ENABLE_MODULES = YES;
				CLANG_ENABLE_OBJC_ARC = YES;
				CLANG_ENABLE_OBJC_WEAK = YES;
				CLANG_WARN_BLOCK_CAPTURE_AUTORELEASING = YES;
				CLANG_WARN_BOOL_CONVERSION = YES;
				CLANG_WARN_COMMA = YES;
				CLANG_WARN_CONSTANT_CONVERSION = YES;
				CLANG_WARN_DEPRECATED_OBJC_IMPLEMENTATIONS = YES;
				CLANG_WARN_DIRECT_OBJC_ISA_USAGE = YES_ERROR;
				CLANG_WARN_DOCUMENTATION_COMMENTS = YES;
				CLANG_WARN_EMPTY_BODY = YES;
				CLANG_WARN_ENUM_CONVERSION = YES;
				CLANG_WARN_INFINITE_RECURSION = YES;
				CLANG_WARN_INT_CONVERSION = YES;
				CLANG_WARN_NON_LITERAL_NULL_CONVERSION = YES;
				CLANG_WARN_OBJC_IMPLICIT_RETAIN_SELF = YES;
				CLANG_WARN_OBJC_LITERAL_CONVERSION = YES;
				CLANG_WARN_OBJC_ROOT_CLASS = YES_ERROR;
				CLANG_WARN_RANGE_LOOP_ANALYSIS = YES;
				CLANG_WARN_STRICT_PROTOTYPES = YES;
				CLANG_WARN_SUSPICIOUS_MOVE = YES;
				CLANG_WARN_UNGUARDED_AVAILABILITY = YES_AGGRESSIVE;
				CLANG_WARN_UNREACHABLE_CODE = YES;
				CLANG_WARN__DUPLICATE_METHOD_MATCH = YES;
				CODE_SIGN_IDENTITY = "iPhone Developer";
				COPY_PHASE_STRIP = NO;
				DEBUG_INFORMATION_FORMAT = "dwarf-with-dsym";
				ENABLE_NS_ASSERTIONS = NO;
				ENABLE_STRICT_OBJC_MSGSEND = YES;
				GCC_C_LANGUAGE_STANDARD = gnu11;
				GCC_NO_COMMON_BLOCKS = YES;
				GCC_WARN_64_TO_32_BIT_CONVERSION = YES;
				GCC_WARN_ABOUT_RETURN_TYPE = YES_ERROR;
				GCC_WARN_UNDECLARED_SELECTOR = YES;
				GCC_WARN_UNINITIALIZED_AUTOS = YES_AGGRESSIVE;
				GCC_WARN_UNUSED_FUNCTION = YES;
				GCC_WARN_UNUSED_VARIABLE = YES;
				IPHONEOS_DEPLOYMENT_TARGET = 12.1;
				MTL_ENABLE_DEBUG_INFO = NO;
				MTL_FAST_MATH = YES;
				SDKROOT = iphoneos;
				SWIFT_COMPILATION_MODE = wholemodule;
				SWIFT_OPTIMIZATION_LEVEL = "-O";
				VALIDATE_PRODUCT = YES;
			};
			name = Release;
		};
		AB38C45F21EBA307003C77D7 /* Debug */ = {
			isa = XCBuildConfiguration;
			buildSettings = {
				ASSETCATALOG_COMPILER_APPICON_NAME = AppIcon;
				CODE_SIGN_STYLE = Automatic;
				DEVELOPMENT_TEAM = 88Z75G4GDY;
				INFOPLIST_FILE = Pomodoro/Info.plist;
				LD_RUNPATH_SEARCH_PATHS = (
					"$(inherited)",
					"@executable_path/Frameworks",
				);
				PRODUCT_BUNDLE_IDENTIFIER = sonniehiles.Pomodoro;
				PRODUCT_NAME = "$(TARGET_NAME)";
				SWIFT_VERSION = 4.2;
				TARGETED_DEVICE_FAMILY = "1,2";
			};
			name = Debug;
		};
		AB38C46021EBA307003C77D7 /* Release */ = {
			isa = XCBuildConfiguration;
			buildSettings = {
				ASSETCATALOG_COMPILER_APPICON_NAME = AppIcon;
				CODE_SIGN_STYLE = Automatic;
				DEVELOPMENT_TEAM = 88Z75G4GDY;
				INFOPLIST_FILE = Pomodoro/Info.plist;
				LD_RUNPATH_SEARCH_PATHS = (
					"$(inherited)",
					"@executable_path/Frameworks",
				);
				PRODUCT_BUNDLE_IDENTIFIER = sonniehiles.Pomodoro;
				PRODUCT_NAME = "$(TARGET_NAME)";
				SWIFT_VERSION = 4.2;
				TARGETED_DEVICE_FAMILY = "1,2";
			};
			name = Release;
		};
		AB38C46221EBA307003C77D7 /* Debug */ = {
			isa = XCBuildConfiguration;
			buildSettings = {
				ALWAYS_EMBED_SWIFT_STANDARD_LIBRARIES = YES;
				BUNDLE_LOADER = "$(TEST_HOST)";
				CODE_SIGN_STYLE = Automatic;
				INFOPLIST_FILE = PomodoroTests/Info.plist;
				LD_RUNPATH_SEARCH_PATHS = (
					"$(inherited)",
					"@executable_path/Frameworks",
					"@loader_path/Frameworks",
				);
				PRODUCT_BUNDLE_IDENTIFIER = sonniehiles.PomodoroTests;
				PRODUCT_NAME = "$(TARGET_NAME)";
				SWIFT_VERSION = 4.2;
				TARGETED_DEVICE_FAMILY = "1,2";
				TEST_HOST = "$(BUILT_PRODUCTS_DIR)/Pomodoro.app/Pomodoro";
			};
			name = Debug;
		};
		AB38C46321EBA307003C77D7 /* Release */ = {
			isa = XCBuildConfiguration;
			buildSettings = {
				ALWAYS_EMBED_SWIFT_STANDARD_LIBRARIES = YES;
				BUNDLE_LOADER = "$(TEST_HOST)";
				CODE_SIGN_STYLE = Automatic;
				INFOPLIST_FILE = PomodoroTests/Info.plist;
				LD_RUNPATH_SEARCH_PATHS = (
					"$(inherited)",
					"@executable_path/Frameworks",
					"@loader_path/Frameworks",
				);
				PRODUCT_BUNDLE_IDENTIFIER = sonniehiles.PomodoroTests;
				PRODUCT_NAME = "$(TARGET_NAME)";
				SWIFT_VERSION = 4.2;
				TARGETED_DEVICE_FAMILY = "1,2";
				TEST_HOST = "$(BUILT_PRODUCTS_DIR)/Pomodoro.app/Pomodoro";
			};
			name = Release;
		};
		AB38C46521EBA307003C77D7 /* Debug */ = {
			isa = XCBuildConfiguration;
			buildSettings = {
				ALWAYS_EMBED_SWIFT_STANDARD_LIBRARIES = YES;
				CODE_SIGN_STYLE = Automatic;
				INFOPLIST_FILE = PomodoroUITests/Info.plist;
				LD_RUNPATH_SEARCH_PATHS = (
					"$(inherited)",
					"@executable_path/Frameworks",
					"@loader_path/Frameworks",
				);
				PRODUCT_BUNDLE_IDENTIFIER = sonniehiles.PomodoroUITests;
				PRODUCT_NAME = "$(TARGET_NAME)";
				SWIFT_VERSION = 4.2;
				TARGETED_DEVICE_FAMILY = "1,2";
				TEST_TARGET_NAME = Pomodoro;
			};
			name = Debug;
		};
		AB38C46621EBA307003C77D7 /* Release */ = {
			isa = XCBuildConfiguration;
			buildSettings = {
				ALWAYS_EMBED_SWIFT_STANDARD_LIBRARIES = YES;
				CODE_SIGN_STYLE = Automatic;
				INFOPLIST_FILE = PomodoroUITests/Info.plist;
				LD_RUNPATH_SEARCH_PATHS = (
					"$(inherited)",
					"@executable_path/Frameworks",
					"@loader_path/Frameworks",
				);
				PRODUCT_BUNDLE_IDENTIFIER = sonniehiles.PomodoroUITests;
				PRODUCT_NAME = "$(TARGET_NAME)";
				SWIFT_VERSION = 4.2;
				TARGETED_DEVICE_FAMILY = "1,2";
				TEST_TARGET_NAME = Pomodoro;
			};
			name = Release;
		};
/* End XCBuildConfiguration section */

/* Begin XCConfigurationList section */
		AB38C43121EBA306003C77D7 /* Build configuration list for PBXProject "Pomodoro" */ = {
			isa = XCConfigurationList;
			buildConfigurations = (
				AB38C45C21EBA307003C77D7 /* Debug */,
				AB38C45D21EBA307003C77D7 /* Release */,
			);
			defaultConfigurationIsVisible = 0;
			defaultConfigurationName = Release;
		};
		AB38C45E21EBA307003C77D7 /* Build configuration list for PBXNativeTarget "Pomodoro" */ = {
			isa = XCConfigurationList;
			buildConfigurations = (
				AB38C45F21EBA307003C77D7 /* Debug */,
				AB38C46021EBA307003C77D7 /* Release */,
			);
			defaultConfigurationIsVisible = 0;
			defaultConfigurationName = Release;
		};
		AB38C46121EBA307003C77D7 /* Build configuration list for PBXNativeTarget "PomodoroTests" */ = {
			isa = XCConfigurationList;
			buildConfigurations = (
				AB38C46221EBA307003C77D7 /* Debug */,
				AB38C46321EBA307003C77D7 /* Release */,
			);
			defaultConfigurationIsVisible = 0;
			defaultConfigurationName = Release;
		};
		AB38C46421EBA307003C77D7 /* Build configuration list for PBXNativeTarget "PomodoroUITests" */ = {
			isa = XCConfigurationList;
			buildConfigurations = (
				AB38C46521EBA307003C77D7 /* Debug */,
				AB38C46621EBA307003C77D7 /* Release */,
			);
			defaultConfigurationIsVisible = 0;
			defaultConfigurationName = Release;
		};
/* End XCConfigurationList section */

/* Begin XCVersionGroup section */
		AB2799BD2219CBD200D092C9 /* pomodoro.xcdatamodeld */ = {
			isa = XCVersionGroup;
			children = (
				AB2799BE2219CBD200D092C9 /* pomodoro.xcdatamodel */,
			);
			currentVersion = AB2799BE2219CBD200D092C9 /* pomodoro.xcdatamodel */;
			path = pomodoro.xcdatamodeld;
			sourceTree = "<group>";
			versionGroupType = wrapper.xcdatamodel;
		};
		AB883BAD22296D1600D0DA09 /* pomodoroTest.xcdatamodeld */ = {
			isa = XCVersionGroup;
			children = (
				AB883BAE22296D1600D0DA09 /* pomodoroTest.xcdatamodel */,
			);
			currentVersion = AB883BAE22296D1600D0DA09 /* pomodoroTest.xcdatamodel */;
			path = pomodoroTest.xcdatamodeld;
			sourceTree = "<group>";
			versionGroupType = wrapper.xcdatamodel;
		};
/* End XCVersionGroup section */
	};
	rootObject = AB38C42E21EBA306003C77D7 /* Project object */;
}
