// !$*UTF8*$!
{
	archiveVersion = 1;
	classes = {
	};
	objectVersion = 50;
	objects = {

/* Begin PBXBuildFile section */
		AB0151302266E66300138132 /* Extentions.swift in Sources */ = {isa = PBXBuildFile; fileRef = AB01512F2266E66200138132 /* Extentions.swift */; };
		AB0856202251D1E800A81D9A /* SessionStatus.swift in Sources */ = {isa = PBXBuildFile; fileRef = AB08561F2251D1E800A81D9A /* SessionStatus.swift */; };
		AB2103602225EE9500D4101F /* Format.swift in Sources */ = {isa = PBXBuildFile; fileRef = AB21035F2225EE9500D4101F /* Format.swift */; };
		AB2103622225EFEF00D4101F /* FormatTest.swift in Sources */ = {isa = PBXBuildFile; fileRef = AB2103612225EFEF00D4101F /* FormatTest.swift */; };
		AB2A81152244A0BA00480726 /* DailyStat.swift in Sources */ = {isa = PBXBuildFile; fileRef = AB2A81142244A0BA00480726 /* DailyStat.swift */; };
		AB2A81172244B52000480726 /* DailyStatTest.swift in Sources */ = {isa = PBXBuildFile; fileRef = AB2A81162244B52000480726 /* DailyStatTest.swift */; };
		AB2F94C62207885E00F9F0F6 /* Defaults.swift in Sources */ = {isa = PBXBuildFile; fileRef = AB2F94C52207885E00F9F0F6 /* Defaults.swift */; };
		AB348E1A21F638B100A97CEA /* TimeViewer.swift in Sources */ = {isa = PBXBuildFile; fileRef = AB348E1921F638B100A97CEA /* TimeViewer.swift */; };
		AB348E1C21F686A700A97CEA /* TimeViewerProgress.swift in Sources */ = {isa = PBXBuildFile; fileRef = AB348E1B21F686A700A97CEA /* TimeViewerProgress.swift */; };
		AB38C43A21EBA306003C77D7 /* AppDelegate.swift in Sources */ = {isa = PBXBuildFile; fileRef = AB38C43921EBA306003C77D7 /* AppDelegate.swift */; };
		AB38C43C21EBA306003C77D7 /* TimerViewController.swift in Sources */ = {isa = PBXBuildFile; fileRef = AB38C43B21EBA306003C77D7 /* TimerViewController.swift */; };
		AB38C43F21EBA306003C77D7 /* Settings.storyboard in Resources */ = {isa = PBXBuildFile; fileRef = AB38C43D21EBA306003C77D7 /* Settings.storyboard */; };
		AB38C44121EBA307003C77D7 /* Assets.xcassets in Resources */ = {isa = PBXBuildFile; fileRef = AB38C44021EBA307003C77D7 /* Assets.xcassets */; };
		AB38C44421EBA307003C77D7 /* LaunchScreen.storyboard in Resources */ = {isa = PBXBuildFile; fileRef = AB38C44221EBA307003C77D7 /* LaunchScreen.storyboard */; };
		AB38C45A21EBA307003C77D7 /* PomodoroUITests.swift in Sources */ = {isa = PBXBuildFile; fileRef = AB38C45921EBA307003C77D7 /* PomodoroUITests.swift */; };
		AB57D1A222420C4B000AC6EE /* StatBarGraph.swift in Sources */ = {isa = PBXBuildFile; fileRef = AB57D1A122420C4B000AC6EE /* StatBarGraph.swift */; };
		AB5EF90F21ECB2CE0034A276 /* TimerService.swift in Sources */ = {isa = PBXBuildFile; fileRef = AB5EF90E21ECB2CE0034A276 /* TimerService.swift */; };
		AB7C65F5225DAC1000D63E7F /* TimeDisplayCell.swift in Sources */ = {isa = PBXBuildFile; fileRef = AB7C65F4225DAC1000D63E7F /* TimeDisplayCell.swift */; };
		AB7EBA432250BBA3007F3817 /* pomodoro.xcdatamodeld in Sources */ = {isa = PBXBuildFile; fileRef = AB2799BD2219CBD200D092C9 /* pomodoro.xcdatamodeld */; };
		AB85A8AD224360BA003EC063 /* StatBarGraphCell.swift in Sources */ = {isa = PBXBuildFile; fileRef = AB85A8AC224360BA003EC063 /* StatBarGraphCell.swift */; };
		AB883BA922292CCE00D0DA09 /* LocalNotificationService.swift in Sources */ = {isa = PBXBuildFile; fileRef = AB883BA822292CCE00D0DA09 /* LocalNotificationService.swift */; };
		AB883BAC22296BBB00D0DA09 /* PersistanceServiceTest.swift in Sources */ = {isa = PBXBuildFile; fileRef = AB883BAB22296BBB00D0DA09 /* PersistanceServiceTest.swift */; };
		AB8A015421F39F6100D0F6EA /* Converter.swift in Sources */ = {isa = PBXBuildFile; fileRef = AB8A015321F39F6100D0F6EA /* Converter.swift */; };
		AB8C51EB2248A4C000B7CDA4 /* StatBarGraphHeaderCell.swift in Sources */ = {isa = PBXBuildFile; fileRef = AB8C51EA2248A4C000B7CDA4 /* StatBarGraphHeaderCell.swift */; };
		AB8D28632208FFAF000C4312 /* MainViewController.swift in Sources */ = {isa = PBXBuildFile; fileRef = AB8D28622208FFAF000C4312 /* MainViewController.swift */; };
		AB8E203522362B550068B16A /* NotificationService.swift in Sources */ = {isa = PBXBuildFile; fileRef = AB8E203422362B550068B16A /* NotificationService.swift */; };
		AB8F202022547C7500BC8831 /* SessionSelectionTable.swift in Sources */ = {isa = PBXBuildFile; fileRef = AB8F201F22547C7500BC8831 /* SessionSelectionTable.swift */; };
		AB9661F021EE0AF6003BD4E2 /* TimeTypes.swift in Sources */ = {isa = PBXBuildFile; fileRef = AB9661EF21EE0AF6003BD4E2 /* TimeTypes.swift */; };
		AB9BA93122813FE5002D6324 /* SessionManagementController.swift in Sources */ = {isa = PBXBuildFile; fileRef = AB9BA93022813FE5002D6324 /* SessionManagementController.swift */; };
		ABA8A8D6221ADA5D00847448 /* Persistance Service.swift in Sources */ = {isa = PBXBuildFile; fileRef = ABA8A8D5221ADA5D00847448 /* Persistance Service.swift */; };
		ABAD65AE227BFEDB00678A5A /* TitleTimeHeaderCell.swift in Sources */ = {isa = PBXBuildFile; fileRef = ABAD65AD227BFEDB00678A5A /* TitleTimeHeaderCell.swift */; };
		ABB2A5E521F60552008E4D62 /* ConverterTest.swift in Sources */ = {isa = PBXBuildFile; fileRef = ABB2A5E421F60552008E4D62 /* ConverterTest.swift */; };
		ABB9C6572225C221007CAE6B /* StatsViewController.swift in Sources */ = {isa = PBXBuildFile; fileRef = ABB9C6562225C221007CAE6B /* StatsViewController.swift */; };
		ABBD94FF223F658000C48C08 /* StatsService.swift in Sources */ = {isa = PBXBuildFile; fileRef = ABBD94FE223F658000C48C08 /* StatsService.swift */; };
		ABBD9503223F679300C48C08 /* StatsServiceTest.swift in Sources */ = {isa = PBXBuildFile; fileRef = ABBD9502223F679300C48C08 /* StatsServiceTest.swift */; };
		ABD3C3902224B67300D7F902 /* TimerServiceTest.swift in Sources */ = {isa = PBXBuildFile; fileRef = ABD3C38F2224B67300D7F902 /* TimerServiceTest.swift */; };
		ABEBC69921EF579500CFD262 /* TimeChunk.swift in Sources */ = {isa = PBXBuildFile; fileRef = ABEBC69821EF579500CFD262 /* TimeChunk.swift */; };
		ABEBC69D21F2009300CFD262 /* SettingsViewController.swift in Sources */ = {isa = PBXBuildFile; fileRef = ABEBC69C21F2009300CFD262 /* SettingsViewController.swift */; };
		ABFA204D2250CE8A00082F0A /* pomodoro.xcdatamodeld in Resources */ = {isa = PBXBuildFile; fileRef = AB2799BD2219CBD200D092C9 /* pomodoro.xcdatamodeld */; };
		ABFA9F56221C2FE700B76FAA /* SubjectManagementTable.swift in Sources */ = {isa = PBXBuildFile; fileRef = ABFA9F55221C2FE700B76FAA /* SubjectManagementTable.swift */; };
		ABFFD7AD21FE9A260033199D /* TimeSelectionTable.swift in Sources */ = {isa = PBXBuildFile; fileRef = ABFFD7AC21FE9A260033199D /* TimeSelectionTable.swift */; };
/* End PBXBuildFile section */

/* Begin PBXContainerItemProxy section */
		AB38C44B21EBA307003C77D7 /* PBXContainerItemProxy */ = {
			isa = PBXContainerItemProxy;
			containerPortal = AB38C42E21EBA306003C77D7 /* Project object */;
			proxyType = 1;
			remoteGlobalIDString = AB38C43521EBA306003C77D7;
			remoteInfo = Pomodoro;
		};
		AB38C45621EBA307003C77D7 /* PBXContainerItemProxy */ = {
			isa = PBXContainerItemProxy;
			containerPortal = AB38C42E21EBA306003C77D7 /* Project object */;
			proxyType = 1;
			remoteGlobalIDString = AB38C43521EBA306003C77D7;
			remoteInfo = Pomodoro;
		};
/* End PBXContainerItemProxy section */

/* Begin PBXFileReference section */
		AB01512F2266E66200138132 /* Extentions.swift */ = {isa = PBXFileReference; lastKnownFileType = sourcecode.swift; path = Extentions.swift; sourceTree = "<group>"; };
		AB08561F2251D1E800A81D9A /* SessionStatus.swift */ = {isa = PBXFileReference; lastKnownFileType = sourcecode.swift; path = SessionStatus.swift; sourceTree = "<group>"; };
		AB21035F2225EE9500D4101F /* Format.swift */ = {isa = PBXFileReference; lastKnownFileType = sourcecode.swift; path = Format.swift; sourceTree = "<group>"; };
		AB2103612225EFEF00D4101F /* FormatTest.swift */ = {isa = PBXFileReference; lastKnownFileType = sourcecode.swift; path = FormatTest.swift; sourceTree = "<group>"; };
		AB2799BE2219CBD200D092C9 /* pomodoro.xcdatamodel */ = {isa = PBXFileReference; lastKnownFileType = wrapper.xcdatamodel; path = pomodoro.xcdatamodel; sourceTree = "<group>"; };
		AB2A81142244A0BA00480726 /* DailyStat.swift */ = {isa = PBXFileReference; lastKnownFileType = sourcecode.swift; path = DailyStat.swift; sourceTree = "<group>"; };
		AB2A81162244B52000480726 /* DailyStatTest.swift */ = {isa = PBXFileReference; lastKnownFileType = sourcecode.swift; path = DailyStatTest.swift; sourceTree = "<group>"; };
		AB2F94C52207885E00F9F0F6 /* Defaults.swift */ = {isa = PBXFileReference; lastKnownFileType = sourcecode.swift; path = Defaults.swift; sourceTree = "<group>"; };
		AB348E1921F638B100A97CEA /* TimeViewer.swift */ = {isa = PBXFileReference; lastKnownFileType = sourcecode.swift; path = TimeViewer.swift; sourceTree = "<group>"; };
		AB348E1B21F686A700A97CEA /* TimeViewerProgress.swift */ = {isa = PBXFileReference; lastKnownFileType = sourcecode.swift; path = TimeViewerProgress.swift; sourceTree = "<group>"; };
		AB38C43621EBA306003C77D7 /* Pomodoro.app */ = {isa = PBXFileReference; explicitFileType = wrapper.application; includeInIndex = 0; path = Pomodoro.app; sourceTree = BUILT_PRODUCTS_DIR; };
		AB38C43921EBA306003C77D7 /* AppDelegate.swift */ = {isa = PBXFileReference; lastKnownFileType = sourcecode.swift; path = AppDelegate.swift; sourceTree = "<group>"; };
		AB38C43B21EBA306003C77D7 /* TimerViewController.swift */ = {isa = PBXFileReference; lastKnownFileType = sourcecode.swift; path = TimerViewController.swift; sourceTree = "<group>"; };
		AB38C43E21EBA306003C77D7 /* Base */ = {isa = PBXFileReference; lastKnownFileType = file.storyboard; name = Base; path = Base.lproj/Settings.storyboard; sourceTree = "<group>"; };
		AB38C44021EBA307003C77D7 /* Assets.xcassets */ = {isa = PBXFileReference; lastKnownFileType = folder.assetcatalog; path = Assets.xcassets; sourceTree = "<group>"; };
		AB38C44321EBA307003C77D7 /* Base */ = {isa = PBXFileReference; lastKnownFileType = file.storyboard; name = Base; path = Base.lproj/LaunchScreen.storyboard; sourceTree = "<group>"; };
		AB38C44521EBA307003C77D7 /* Info.plist */ = {isa = PBXFileReference; lastKnownFileType = text.plist.xml; path = Info.plist; sourceTree = "<group>"; };
		AB38C44A21EBA307003C77D7 /* PomodoroTests.xctest */ = {isa = PBXFileReference; explicitFileType = wrapper.cfbundle; includeInIndex = 0; path = PomodoroTests.xctest; sourceTree = BUILT_PRODUCTS_DIR; };
		AB38C45021EBA307003C77D7 /* Info.plist */ = {isa = PBXFileReference; lastKnownFileType = text.plist.xml; path = Info.plist; sourceTree = "<group>"; };
		AB38C45521EBA307003C77D7 /* PomodoroUITests.xctest */ = {isa = PBXFileReference; explicitFileType = wrapper.cfbundle; includeInIndex = 0; path = PomodoroUITests.xctest; sourceTree = BUILT_PRODUCTS_DIR; };
		AB38C45921EBA307003C77D7 /* PomodoroUITests.swift */ = {isa = PBXFileReference; lastKnownFileType = sourcecode.swift; path = PomodoroUITests.swift; sourceTree = "<group>"; };
		AB38C45B21EBA307003C77D7 /* Info.plist */ = {isa = PBXFileReference; lastKnownFileType = text.plist.xml; path = Info.plist; sourceTree = "<group>"; };
		AB57D1A122420C4B000AC6EE /* StatBarGraph.swift */ = {isa = PBXFileReference; lastKnownFileType = sourcecode.swift; path = StatBarGraph.swift; sourceTree = "<group>"; };
		AB5EF90E21ECB2CE0034A276 /* TimerService.swift */ = {isa = PBXFileReference; lastKnownFileType = sourcecode.swift; path = TimerService.swift; sourceTree = "<group>"; };
		AB7C65F4225DAC1000D63E7F /* TimeDisplayCell.swift */ = {isa = PBXFileReference; lastKnownFileType = sourcecode.swift; path = TimeDisplayCell.swift; sourceTree = "<group>"; };
		AB85A8AC224360BA003EC063 /* StatBarGraphCell.swift */ = {isa = PBXFileReference; lastKnownFileType = sourcecode.swift; path = StatBarGraphCell.swift; sourceTree = "<group>"; };
		AB883BA822292CCE00D0DA09 /* LocalNotificationService.swift */ = {isa = PBXFileReference; lastKnownFileType = sourcecode.swift; path = LocalNotificationService.swift; sourceTree = "<group>"; };
		AB883BAB22296BBB00D0DA09 /* PersistanceServiceTest.swift */ = {isa = PBXFileReference; lastKnownFileType = sourcecode.swift; path = PersistanceServiceTest.swift; sourceTree = "<group>"; };
		AB8A015321F39F6100D0F6EA /* Converter.swift */ = {isa = PBXFileReference; lastKnownFileType = sourcecode.swift; path = Converter.swift; sourceTree = "<group>"; };
		AB8C51EA2248A4C000B7CDA4 /* StatBarGraphHeaderCell.swift */ = {isa = PBXFileReference; lastKnownFileType = sourcecode.swift; path = StatBarGraphHeaderCell.swift; sourceTree = "<group>"; };
		AB8D28622208FFAF000C4312 /* MainViewController.swift */ = {isa = PBXFileReference; lastKnownFileType = sourcecode.swift; path = MainViewController.swift; sourceTree = "<group>"; };
		AB8E203422362B550068B16A /* NotificationService.swift */ = {isa = PBXFileReference; lastKnownFileType = sourcecode.swift; path = NotificationService.swift; sourceTree = "<group>"; };
		AB8F201F22547C7500BC8831 /* SessionSelectionTable.swift */ = {isa = PBXFileReference; lastKnownFileType = sourcecode.swift; path = SessionSelectionTable.swift; sourceTree = "<group>"; };
		AB9661EF21EE0AF6003BD4E2 /* TimeTypes.swift */ = {isa = PBXFileReference; lastKnownFileType = sourcecode.swift; path = TimeTypes.swift; sourceTree = "<group>"; };
		AB9BA93022813FE5002D6324 /* SessionManagementController.swift */ = {isa = PBXFileReference; lastKnownFileType = sourcecode.swift; path = SessionManagementController.swift; sourceTree = "<group>"; };
		ABA8A8D5221ADA5D00847448 /* Persistance Service.swift */ = {isa = PBXFileReference; lastKnownFileType = sourcecode.swift; path = "Persistance Service.swift"; sourceTree = "<group>"; };
		ABAD65AD227BFEDB00678A5A /* TitleTimeHeaderCell.swift */ = {isa = PBXFileReference; lastKnownFileType = sourcecode.swift; path = TitleTimeHeaderCell.swift; sourceTree = "<group>"; };
		ABB2A5E421F60552008E4D62 /* ConverterTest.swift */ = {isa = PBXFileReference; lastKnownFileType = sourcecode.swift; path = ConverterTest.swift; sourceTree = "<group>"; };
		ABB9C6562225C221007CAE6B /* StatsViewController.swift */ = {isa = PBXFileReference; lastKnownFileType = sourcecode.swift; path = StatsViewController.swift; sourceTree = "<group>"; };
		ABBD94FE223F658000C48C08 /* StatsService.swift */ = {isa = PBXFileReference; lastKnownFileType = sourcecode.swift; path = StatsService.swift; sourceTree = "<group>"; };
		ABBD9502223F679300C48C08 /* StatsServiceTest.swift */ = {isa = PBXFileReference; lastKnownFileType = sourcecode.swift; path = StatsServiceTest.swift; sourceTree = "<group>"; };
		ABD3C38F2224B67300D7F902 /* TimerServiceTest.swift */ = {isa = PBXFileReference; lastKnownFileType = sourcecode.swift; path = TimerServiceTest.swift; sourceTree = "<group>"; };
		ABEBC69821EF579500CFD262 /* TimeChunk.swift */ = {isa = PBXFileReference; lastKnownFileType = sourcecode.swift; path = TimeChunk.swift; sourceTree = "<group>"; };
		ABEBC69C21F2009300CFD262 /* SettingsViewController.swift */ = {isa = PBXFileReference; lastKnownFileType = sourcecode.swift; path = SettingsViewController.swift; sourceTree = "<group>"; };
		ABFA9F55221C2FE700B76FAA /* SubjectManagementTable.swift */ = {isa = PBXFileReference; lastKnownFileType = sourcecode.swift; path = SubjectManagementTable.swift; sourceTree = "<group>"; };
		ABFFD7AC21FE9A260033199D /* TimeSelectionTable.swift */ = {isa = PBXFileReference; lastKnownFileType = sourcecode.swift; path = TimeSelectionTable.swift; sourceTree = "<group>"; };
/* End PBXFileReference section */

/* Begin PBXFrameworksBuildPhase section */
		AB38C43321EBA306003C77D7 /* Frameworks */ = {
			isa = PBXFrameworksBuildPhase;
			buildActionMask = 2147483647;
			files = (
			);
			runOnlyForDeploymentPostprocessing = 0;
		};
		AB38C44721EBA307003C77D7 /* Frameworks */ = {
			isa = PBXFrameworksBuildPhase;
			buildActionMask = 2147483647;
			files = (
			);
			runOnlyForDeploymentPostprocessing = 0;
		};
		AB38C45221EBA307003C77D7 /* Frameworks */ = {
			isa = PBXFrameworksBuildPhase;
			buildActionMask = 2147483647;
			files = (
			);
			runOnlyForDeploymentPostprocessing = 0;
		};
/* End PBXFrameworksBuildPhase section */

/* Begin PBXGroup section */
		AB348E1621F6389400A97CEA /* ViewItems */ = {
			isa = PBXGroup;
			children = (
				AB9FE0252249F1FB00142194 /* Cells */,
				AB348E1921F638B100A97CEA /* TimeViewer.swift */,
				AB348E1B21F686A700A97CEA /* TimeViewerProgress.swift */,
				ABFFD7AC21FE9A260033199D /* TimeSelectionTable.swift */,
				ABFA9F55221C2FE700B76FAA /* SubjectManagementTable.swift */,
				AB57D1A122420C4B000AC6EE /* StatBarGraph.swift */,
				AB08561F2251D1E800A81D9A /* SessionStatus.swift */,
				AB8F201F22547C7500BC8831 /* SessionSelectionTable.swift */,
			);
			path = ViewItems;
			sourceTree = "<group>";
		};
		AB38C42D21EBA306003C77D7 = {
			isa = PBXGroup;
			children = (
				AB38C43821EBA306003C77D7 /* Pomodoro */,
				AB38C44D21EBA307003C77D7 /* PomodoroTests */,
				AB38C45821EBA307003C77D7 /* PomodoroUITests */,
				AB38C43721EBA306003C77D7 /* Products */,
			);
			sourceTree = "<group>";
		};
		AB38C43721EBA306003C77D7 /* Products */ = {
			isa = PBXGroup;
			children = (
				AB38C43621EBA306003C77D7 /* Pomodoro.app */,
				AB38C44A21EBA307003C77D7 /* PomodoroTests.xctest */,
				AB38C45521EBA307003C77D7 /* PomodoroUITests.xctest */,
			);
			name = Products;
			sourceTree = "<group>";
		};
		AB38C43821EBA306003C77D7 /* Pomodoro */ = {
			isa = PBXGroup;
			children = (
				AB8D28612208FE41000C4312 /* View Controllers */,
				ABBD94FC223F64D500C48C08 /* Service */,
				AB8A015221F39F1400D0F6EA /* Util */,
				AB38C43921EBA306003C77D7 /* AppDelegate.swift */,
				AB01512F2266E66200138132 /* Extentions.swift */,
				AB2799BD2219CBD200D092C9 /* pomodoro.xcdatamodeld */,
				AB38C44021EBA307003C77D7 /* Assets.xcassets */,
				AB38C44221EBA307003C77D7 /* LaunchScreen.storyboard */,
				AB38C44521EBA307003C77D7 /* Info.plist */,
			);
			path = Pomodoro;
			sourceTree = "<group>";
		};
		AB38C44D21EBA307003C77D7 /* PomodoroTests */ = {
			isa = PBXGroup;
			children = (
				ABBD9500223F672700C48C08 /* Service */,
				ABB2A5E321F60537008E4D62 /* Util */,
				AB38C45021EBA307003C77D7 /* Info.plist */,
			);
			path = PomodoroTests;
			sourceTree = "<group>";
		};
		AB38C45821EBA307003C77D7 /* PomodoroUITests */ = {
			isa = PBXGroup;
			children = (
				AB38C45921EBA307003C77D7 /* PomodoroUITests.swift */,
				AB38C45B21EBA307003C77D7 /* Info.plist */,
			);
			path = PomodoroUITests;
			sourceTree = "<group>";
		};
		AB5EF90D21ECB2AA0034A276 /* Timer Service */ = {
			isa = PBXGroup;
			children = (
				AB5EF90E21ECB2CE0034A276 /* TimerService.swift */,
				AB9661EF21EE0AF6003BD4E2 /* TimeTypes.swift */,
				ABEBC69821EF579500CFD262 /* TimeChunk.swift */,
			);
			path = "Timer Service";
			sourceTree = "<group>";
		};
		AB883BA722292C5A00D0DA09 /* Notification Service */ = {
			isa = PBXGroup;
			children = (
				AB883BA822292CCE00D0DA09 /* LocalNotificationService.swift */,
				AB8E203422362B550068B16A /* NotificationService.swift */,
			);
			path = "Notification Service";
			sourceTree = "<group>";
		};
		AB883BAA22296ABD00D0DA09 /* Persistance Service */ = {
			isa = PBXGroup;
			children = (
				AB883BAB22296BBB00D0DA09 /* PersistanceServiceTest.swift */,
			);
			path = "Persistance Service";
			sourceTree = "<group>";
		};
		AB8A015221F39F1400D0F6EA /* Util */ = {
			isa = PBXGroup;
			children = (
				AB8A015321F39F6100D0F6EA /* Converter.swift */,
				AB2F94C52207885E00F9F0F6 /* Defaults.swift */,
				AB21035F2225EE9500D4101F /* Format.swift */,
			);
			path = Util;
			sourceTree = "<group>";
		};
		AB8D28612208FE41000C4312 /* View Controllers */ = {
			isa = PBXGroup;
			children = (
				AB348E1621F6389400A97CEA /* ViewItems */,
				AB8D28662209BB95000C4312 /* Storyboards */,
				ABEBC69C21F2009300CFD262 /* SettingsViewController.swift */,
				AB38C43B21EBA306003C77D7 /* TimerViewController.swift */,
				AB8D28622208FFAF000C4312 /* MainViewController.swift */,
				ABB9C6562225C221007CAE6B /* StatsViewController.swift */,
				AB9BA93022813FE5002D6324 /* SessionManagementController.swift */,
			);
			path = "View Controllers";
			sourceTree = "<group>";
		};
		AB8D28662209BB95000C4312 /* Storyboards */ = {
			isa = PBXGroup;
			children = (
				AB38C43D21EBA306003C77D7 /* Settings.storyboard */,
			);
			path = Storyboards;
			sourceTree = "<group>";
		};
		AB9FE0252249F1FB00142194 /* Cells */ = {
			isa = PBXGroup;
			children = (
				ABAD65AD227BFEDB00678A5A /* TitleTimeHeaderCell.swift */,
				AB85A8AC224360BA003EC063 /* StatBarGraphCell.swift */,
				AB8C51EA2248A4C000B7CDA4 /* StatBarGraphHeaderCell.swift */,
				AB7C65F4225DAC1000D63E7F /* TimeDisplayCell.swift */,
			);
			path = Cells;
			sourceTree = "<group>";
		};
		ABA8A8D4221ADA1D00847448 /* Persistance Service */ = {
			isa = PBXGroup;
			children = (
				ABA8A8D5221ADA5D00847448 /* Persistance Service.swift */,
			);
			path = "Persistance Service";
			sourceTree = "<group>";
		};
		ABB2A5E321F60537008E4D62 /* Util */ = {
			isa = PBXGroup;
			children = (
				ABB2A5E421F60552008E4D62 /* ConverterTest.swift */,
				AB2103612225EFEF00D4101F /* FormatTest.swift */,
			);
			path = Util;
			sourceTree = "<group>";
		};
		ABBD94FC223F64D500C48C08 /* Service */ = {
			isa = PBXGroup;
			children = (
				ABBD94FD223F654600C48C08 /* Stats Service */,
				AB5EF90D21ECB2AA0034A276 /* Timer Service */,
				AB883BA722292C5A00D0DA09 /* Notification Service */,
				ABA8A8D4221ADA1D00847448 /* Persistance Service */,
			);
			path = Service;
			sourceTree = "<group>";
		};
		ABBD94FD223F654600C48C08 /* Stats Service */ = {
			isa = PBXGroup;
			children = (
				ABBD94FE223F658000C48C08 /* StatsService.swift */,
				AB2A81142244A0BA00480726 /* DailyStat.swift */,
			);
			path = "Stats Service";
			sourceTree = "<group>";
		};
		ABBD9500223F672700C48C08 /* Service */ = {
			isa = PBXGroup;
			children = (
				ABBD9501223F675E00C48C08 /* Stats Service */,
				AB883BAA22296ABD00D0DA09 /* Persistance Service */,
				ABD3C38E2224B65F00D7F902 /* Timer Service */,
			);
			path = Service;
			sourceTree = "<group>";
		};
		ABBD9501223F675E00C48C08 /* Stats Service */ = {
			isa = PBXGroup;
			children = (
				ABBD9502223F679300C48C08 /* StatsServiceTest.swift */,
				AB2A81162244B52000480726 /* DailyStatTest.swift */,
			);
			path = "Stats Service";
			sourceTree = "<group>";
		};
		ABD3C38E2224B65F00D7F902 /* Timer Service */ = {
			isa = PBXGroup;
			children = (
				ABD3C38F2224B67300D7F902 /* TimerServiceTest.swift */,
			);
			name = "Timer Service";
			path = Timer.swift;
			sourceTree = "<group>";
		};
/* End PBXGroup section */

/* Begin PBXNativeTarget section */
		AB38C43521EBA306003C77D7 /* Pomodoro */ = {
			isa = PBXNativeTarget;
			buildConfigurationList = AB38C45E21EBA307003C77D7 /* Build configuration list for PBXNativeTarget "Pomodoro" */;
			buildPhases = (
				AB4F97B02272E0F900ABA57F /* ShellScript */,
				AB38C43221EBA306003C77D7 /* Sources */,
				AB38C43321EBA306003C77D7 /* Frameworks */,
				AB38C43421EBA306003C77D7 /* Resources */,
			);
			buildRules = (
			);
			dependencies = (
			);
			name = Pomodoro;
			productName = Pomodoro;
			productReference = AB38C43621EBA306003C77D7 /* Pomodoro.app */;
			productType = "com.apple.product-type.application";
		};
		AB38C44921EBA307003C77D7 /* PomodoroTests */ = {
			isa = PBXNativeTarget;
			buildConfigurationList = AB38C46121EBA307003C77D7 /* Build configuration list for PBXNativeTarget "PomodoroTests" */;
			buildPhases = (
				AB38C44621EBA307003C77D7 /* Sources */,
				AB38C44721EBA307003C77D7 /* Frameworks */,
				AB38C44821EBA307003C77D7 /* Resources */,
			);
			buildRules = (
			);
			dependencies = (
				AB38C44C21EBA307003C77D7 /* PBXTargetDependency */,
			);
			name = PomodoroTests;
			productName = PomodoroTests;
			productReference = AB38C44A21EBA307003C77D7 /* PomodoroTests.xctest */;
			productType = "com.apple.product-type.bundle.unit-test";
		};
		AB38C45421EBA307003C77D7 /* PomodoroUITests */ = {
			isa = PBXNativeTarget;
			buildConfigurationList = AB38C46421EBA307003C77D7 /* Build configuration list for PBXNativeTarget "PomodoroUITests" */;
			buildPhases = (
				AB38C45121EBA307003C77D7 /* Sources */,
				AB38C45221EBA307003C77D7 /* Frameworks */,
				AB38C45321EBA307003C77D7 /* Resources */,
			);
			buildRules = (
			);
			dependencies = (
				AB38C45721EBA307003C77D7 /* PBXTargetDependency */,
			);
			name = PomodoroUITests;
			productName = PomodoroUITests;
			productReference = AB38C45521EBA307003C77D7 /* PomodoroUITests.xctest */;
			productType = "com.apple.product-type.bundle.ui-testing";
		};
/* End PBXNativeTarget section */

/* Begin PBXProject section */
		AB38C42E21EBA306003C77D7 /* Project object */ = {
			isa = PBXProject;
			attributes = {
				LastSwiftUpdateCheck = 1010;
				LastUpgradeCheck = 1010;
				ORGANIZATIONNAME = "Sonnie Hiles";
				TargetAttributes = {
					AB38C43521EBA306003C77D7 = {
						CreatedOnToolsVersion = 10.1;
						LastSwiftMigration = 1020;
						SystemCapabilities = {
							com.apple.BackgroundModes = {
								enabled = 0;
							};
						};
					};
					AB38C44921EBA307003C77D7 = {
						CreatedOnToolsVersion = 10.1;
						LastSwiftMigration = 1020;
						TestTargetID = AB38C43521EBA306003C77D7;
					};
					AB38C45421EBA307003C77D7 = {
						CreatedOnToolsVersion = 10.1;
						LastSwiftMigration = 1020;
						TestTargetID = AB38C43521EBA306003C77D7;
					};
				};
			};
			buildConfigurationList = AB38C43121EBA306003C77D7 /* Build configuration list for PBXProject "Pomodoro" */;
			compatibilityVersion = "Xcode 9.3";
			developmentRegion = en;
			hasScannedForEncodings = 0;
			knownRegions = (
				en,
				Base,
			);
			mainGroup = AB38C42D21EBA306003C77D7;
			productRefGroup = AB38C43721EBA306003C77D7 /* Products */;
			projectDirPath = "";
			projectRoot = "";
			targets = (
				AB38C43521EBA306003C77D7 /* Pomodoro */,
				AB38C44921EBA307003C77D7 /* PomodoroTests */,
				AB38C45421EBA307003C77D7 /* PomodoroUITests */,
			);
		};
/* End PBXProject section */

/* Begin PBXResourcesBuildPhase section */
		AB38C43421EBA306003C77D7 /* Resources */ = {
			isa = PBXResourcesBuildPhase;
			buildActionMask = 2147483647;
			files = (
				AB38C44421EBA307003C77D7 /* LaunchScreen.storyboard in Resources */,
				AB38C44121EBA307003C77D7 /* Assets.xcassets in Resources */,
				AB38C43F21EBA306003C77D7 /* Settings.storyboard in Resources */,
			);
			runOnlyForDeploymentPostprocessing = 0;
		};
		AB38C44821EBA307003C77D7 /* Resources */ = {
			isa = PBXResourcesBuildPhase;
			buildActionMask = 2147483647;
			files = (
				ABFA204D2250CE8A00082F0A /* pomodoro.xcdatamodeld in Resources */,
			);
			runOnlyForDeploymentPostprocessing = 0;
		};
		AB38C45321EBA307003C77D7 /* Resources */ = {
			isa = PBXResourcesBuildPhase;
			buildActionMask = 2147483647;
			files = (
			);
			runOnlyForDeploymentPostprocessing = 0;
		};
/* End PBXResourcesBuildPhase section */

/* Begin PBXShellScriptBuildPhase section */
		AB4F97B02272E0F900ABA57F /* ShellScript */ = {
			isa = PBXShellScriptBuildPhase;
			buildActionMask = 2147483647;
			files = (
			);
			inputFileListPaths = (
			);
			inputPaths = (
			);
			outputFileListPaths = (
			);
			outputPaths = (
			);
			runOnlyForDeploymentPostprocessing = 0;
			shellPath = /bin/sh;
			shellScript = "if which swiftlint >/dev/null; then\n    swiftlint\nelse\n    echo \"warning: SwiftLint not installed, download from https://github.com/realm/SwiftLint\"\nfi\n";
		};
/* End PBXShellScriptBuildPhase section */

/* Begin PBXSourcesBuildPhase section */
		AB38C43221EBA306003C77D7 /* Sources */ = {
			isa = PBXSourcesBuildPhase;
			buildActionMask = 2147483647;
			files = (
				AB7EBA432250BBA3007F3817 /* pomodoro.xcdatamodeld in Sources */,
				AB8E203522362B550068B16A /* NotificationService.swift in Sources */,
				AB0856202251D1E800A81D9A /* SessionStatus.swift in Sources */,
				AB2103602225EE9500D4101F /* Format.swift in Sources */,
				ABAD65AE227BFEDB00678A5A /* TitleTimeHeaderCell.swift in Sources */,
				ABEBC69921EF579500CFD262 /* TimeChunk.swift in Sources */,
				AB57D1A222420C4B000AC6EE /* StatBarGraph.swift in Sources */,
				AB8D28632208FFAF000C4312 /* MainViewController.swift in Sources */,
				ABBD94FF223F658000C48C08 /* StatsService.swift in Sources */,
				AB0151302266E66300138132 /* Extentions.swift in Sources */,
				AB348E1C21F686A700A97CEA /* TimeViewerProgress.swift in Sources */,
				ABB9C6572225C221007CAE6B /* StatsViewController.swift in Sources */,
				AB38C43C21EBA306003C77D7 /* TimerViewController.swift in Sources */,
				AB9BA93122813FE5002D6324 /* SessionManagementController.swift in Sources */,
				ABA8A8D6221ADA5D00847448 /* Persistance Service.swift in Sources */,
				ABFA9F56221C2FE700B76FAA /* SubjectManagementTable.swift in Sources */,
				AB85A8AD224360BA003EC063 /* StatBarGraphCell.swift in Sources */,
				AB38C43A21EBA306003C77D7 /* AppDelegate.swift in Sources */,
				AB8A015421F39F6100D0F6EA /* Converter.swift in Sources */,
				AB8C51EB2248A4C000B7CDA4 /* StatBarGraphHeaderCell.swift in Sources */,
				AB348E1A21F638B100A97CEA /* TimeViewer.swift in Sources */,
				ABFFD7AD21FE9A260033199D /* TimeSelectionTable.swift in Sources */,
				AB2A81152244A0BA00480726 /* DailyStat.swift in Sources */,
				AB9661F021EE0AF6003BD4E2 /* TimeTypes.swift in Sources */,
				AB7C65F5225DAC1000D63E7F /* TimeDisplayCell.swift in Sources */,
				AB8F202022547C7500BC8831 /* SessionSelectionTable.swift in Sources */,
				AB5EF90F21ECB2CE0034A276 /* TimerService.swift in Sources */,
				AB883BA922292CCE00D0DA09 /* LocalNotificationService.swift in Sources */,
				AB2F94C62207885E00F9F0F6 /* Defaults.swift in Sources */,
				ABEBC69D21F2009300CFD262 /* SettingsViewController.swift in Sources */,
			);
			runOnlyForDeploymentPostprocessing = 0;
		};
		AB38C44621EBA307003C77D7 /* Sources */ = {
			isa = PBXSourcesBuildPhase;
			buildActionMask = 2147483647;
			files = (
				AB2103622225EFEF00D4101F /* FormatTest.swift in Sources */,
				ABB2A5E521F60552008E4D62 /* ConverterTest.swift in Sources */,
				ABD3C3902224B67300D7F902 /* TimerServiceTest.swift in Sources */,
				AB883BAC22296BBB00D0DA09 /* PersistanceServiceTest.swift in Sources */,
				ABBD9503223F679300C48C08 /* StatsServiceTest.swift in Sources */,
				AB2A81172244B52000480726 /* DailyStatTest.swift in Sources */,
			);
			runOnlyForDeploymentPostprocessing = 0;
		};
		AB38C45121EBA307003C77D7 /* Sources */ = {
			isa = PBXSourcesBuildPhase;
			buildActionMask = 2147483647;
			files = (
				AB38C45A21EBA307003C77D7 /* PomodoroUITests.swift in Sources */,
			);
			runOnlyForDeploymentPostprocessing = 0;
		};
/* End PBXSourcesBuildPhase section */

/* Begin PBXTargetDependency section */
		AB38C44C21EBA307003C77D7 /* PBXTargetDependency */ = {
			isa = PBXTargetDependency;
			target = AB38C43521EBA306003C77D7 /* Pomodoro */;
			targetProxy = AB38C44B21EBA307003C77D7 /* PBXContainerItemProxy */;
		};
		AB38C45721EBA307003C77D7 /* PBXTargetDependency */ = {
			isa = PBXTargetDependency;
			target = AB38C43521EBA306003C77D7 /* Pomodoro */;
			targetProxy = AB38C45621EBA307003C77D7 /* PBXContainerItemProxy */;
		};
/* End PBXTargetDependency section */

/* Begin PBXVariantGroup section */
		AB38C43D21EBA306003C77D7 /* Settings.storyboard */ = {
			isa = PBXVariantGroup;
			children = (
				AB38C43E21EBA306003C77D7 /* Base */,
			);
			name = Settings.storyboard;
			sourceTree = "<group>";
		};
		AB38C44221EBA307003C77D7 /* LaunchScreen.storyboard */ = {
			isa = PBXVariantGroup;
			children = (
				AB38C44321EBA307003C77D7 /* Base */,
			);
			name = LaunchScreen.storyboard;
			sourceTree = "<group>";
		};
/* End PBXVariantGroup section */

/* Begin XCBuildConfiguration section */
		AB38C45C21EBA307003C77D7 /* Debug */ = {
			isa = XCBuildConfiguration;
			buildSettings = {
				ALWAYS_SEARCH_USER_PATHS = NO;
				CLANG_ANALYZER_NONNULL = YES;
				CLANG_ANALYZER_NUMBER_OBJECT_CONVERSION = YES_AGGRESSIVE;
				CLANG_CXX_LANGUAGE_STANDARD = "gnu++14";
				CLANG_CXX_LIBRARY = "libc++";
				CLANG_ENABLE_MODULES = YES;
				CLANG_ENABLE_OBJC_ARC = YES;
				CLANG_ENABLE_OBJC_WEAK = YES;
				CLANG_WARN_BLOCK_CAPTURE_AUTORELEASING = YES;
				CLANG_WARN_BOOL_CONVERSION = YES;
				CLANG_WARN_COMMA = YES;
				CLANG_WARN_CONSTANT_CONVERSION = YES;
				CLANG_WARN_DEPRECATED_OBJC_IMPLEMENTATIONS = YES;
				CLANG_WARN_DIRECT_OBJC_ISA_USAGE = YES_ERROR;
				CLANG_WARN_DOCUMENTATION_COMMENTS = YES;
				CLANG_WARN_EMPTY_BODY = YES;
				CLANG_WARN_ENUM_CONVERSION = YES;
				CLANG_WARN_INFINITE_RECURSION = YES;
				CLANG_WARN_INT_CONVERSION = YES;
				CLANG_WARN_NON_LITERAL_NULL_CONVERSION = YES;
				CLANG_WARN_OBJC_IMPLICIT_RETAIN_SELF = YES;
				CLANG_WARN_OBJC_LITERAL_CONVERSION = YES;
				CLANG_WARN_OBJC_ROOT_CLASS = YES_ERROR;
				CLANG_WARN_RANGE_LOOP_ANALYSIS = YES;
				CLANG_WARN_STRICT_PROTOTYPES = YES;
				CLANG_WARN_SUSPICIOUS_MOVE = YES;
				CLANG_WARN_UNGUARDED_AVAILABILITY = YES_AGGRESSIVE;
				CLANG_WARN_UNREACHABLE_CODE = YES;
				CLANG_WARN__DUPLICATE_METHOD_MATCH = YES;
				CODE_SIGN_IDENTITY = "iPhone Developer";
				COPY_PHASE_STRIP = NO;
				DEBUG_INFORMATION_FORMAT = dwarf;
				ENABLE_STRICT_OBJC_MSGSEND = YES;
				ENABLE_TESTABILITY = YES;
				GCC_C_LANGUAGE_STANDARD = gnu11;
				GCC_DYNAMIC_NO_PIC = NO;
				GCC_NO_COMMON_BLOCKS = YES;
				GCC_OPTIMIZATION_LEVEL = 0;
				GCC_PREPROCESSOR_DEFINITIONS = (
					"DEBUG=1",
					"$(inherited)",
				);
				GCC_WARN_64_TO_32_BIT_CONVERSION = YES;
				GCC_WARN_ABOUT_RETURN_TYPE = YES_ERROR;
				GCC_WARN_UNDECLARED_SELECTOR = YES;
				GCC_WARN_UNINITIALIZED_AUTOS = YES_AGGRESSIVE;
				GCC_WARN_UNUSED_FUNCTION = YES;
				GCC_WARN_UNUSED_VARIABLE = YES;
				IPHONEOS_DEPLOYMENT_TARGET = 12.1;
				MTL_ENABLE_DEBUG_INFO = INCLUDE_SOURCE;
				MTL_FAST_MATH = YES;
				ONLY_ACTIVE_ARCH = YES;
				SDKROOT = iphoneos;
				SWIFT_ACTIVE_COMPILATION_CONDITIONS = DEBUG;
				SWIFT_OPTIMIZATION_LEVEL = "-Onone";
			};
			name = Debug;
		};
		AB38C45D21EBA307003C77D7 /* Release */ = {
			isa = XCBuildConfiguration;
			buildSettings = {
				ALWAYS_SEARCH_USER_PATHS = NO;
				CLANG_ANALYZER_NONNULL = YES;
				CLANG_ANALYZER_NUMBER_OBJECT_CONVERSION = YES_AGGRESSIVE;
				CLANG_CXX_LANGUAGE_STANDARD = "gnu++14";
				CLANG_CXX_LIBRARY = "libc++";
				CLANG_ENABLE_MODULES = YES;
				CLANG_ENABLE_OBJC_ARC = YES;
				CLANG_ENABLE_OBJC_WEAK = YES;
				CLANG_WARN_BLOCK_CAPTURE_AUTORELEASING = YES;
				CLANG_WARN_BOOL_CONVERSION = YES;
				CLANG_WARN_COMMA = YES;
				CLANG_WARN_CONSTANT_CONVERSION = YES;
				CLANG_WARN_DEPRECATED_OBJC_IMPLEMENTATIONS = YES;
				CLANG_WARN_DIRECT_OBJC_ISA_USAGE = YES_ERROR;
				CLANG_WARN_DOCUMENTATION_COMMENTS = YES;
				CLANG_WARN_EMPTY_BODY = YES;
				CLANG_WARN_ENUM_CONVERSION = YES;
				CLANG_WARN_INFINITE_RECURSION = YES;
				CLANG_WARN_INT_CONVERSION = YES;
				CLANG_WARN_NON_LITERAL_NULL_CONVERSION = YES;
				CLANG_WARN_OBJC_IMPLICIT_RETAIN_SELF = YES;
				CLANG_WARN_OBJC_LITERAL_CONVERSION = YES;
				CLANG_WARN_OBJC_ROOT_CLASS = YES_ERROR;
				CLANG_WARN_RANGE_LOOP_ANALYSIS = YES;
				CLANG_WARN_STRICT_PROTOTYPES = YES;
				CLANG_WARN_SUSPICIOUS_MOVE = YES;
				CLANG_WARN_UNGUARDED_AVAILABILITY = YES_AGGRESSIVE;
				CLANG_WARN_UNREACHABLE_CODE = YES;
				CLANG_WARN__DUPLICATE_METHOD_MATCH = YES;
				CODE_SIGN_IDENTITY = "iPhone Developer";
				COPY_PHASE_STRIP = NO;
				DEBUG_INFORMATION_FORMAT = "dwarf-with-dsym";
				ENABLE_NS_ASSERTIONS = NO;
				ENABLE_STRICT_OBJC_MSGSEND = YES;
				GCC_C_LANGUAGE_STANDARD = gnu11;
				GCC_NO_COMMON_BLOCKS = YES;
				GCC_WARN_64_TO_32_BIT_CONVERSION = YES;
				GCC_WARN_ABOUT_RETURN_TYPE = YES_ERROR;
				GCC_WARN_UNDECLARED_SELECTOR = YES;
				GCC_WARN_UNINITIALIZED_AUTOS = YES_AGGRESSIVE;
				GCC_WARN_UNUSED_FUNCTION = YES;
				GCC_WARN_UNUSED_VARIABLE = YES;
				IPHONEOS_DEPLOYMENT_TARGET = 12.1;
				MTL_ENABLE_DEBUG_INFO = NO;
				MTL_FAST_MATH = YES;
				SDKROOT = iphoneos;
				SWIFT_COMPILATION_MODE = wholemodule;
				SWIFT_OPTIMIZATION_LEVEL = "-O";
				VALIDATE_PRODUCT = YES;
			};
			name = Release;
		};
		AB38C45F21EBA307003C77D7 /* Debug */ = {
			isa = XCBuildConfiguration;
			buildSettings = {
				ASSETCATALOG_COMPILER_APPICON_NAME = AppIcon;
				CODE_SIGN_STYLE = Automatic;
				DEVELOPMENT_TEAM = 88Z75G4GDY;
				INFOPLIST_FILE = Pomodoro/Info.plist;
				LD_RUNPATH_SEARCH_PATHS = (
					"$(inherited)",
					"@executable_path/Frameworks",
				);
				PRODUCT_BUNDLE_IDENTIFIER = sonniehiles.Pomodoro;
				PRODUCT_NAME = "$(TARGET_NAME)";
				SWIFT_VERSION = 5.0;
				TARGETED_DEVICE_FAMILY = 1;
			};
			name = Debug;
		};
		AB38C46021EBA307003C77D7 /* Release */ = {
			isa = XCBuildConfiguration;
			buildSettings = {
				ASSETCATALOG_COMPILER_APPICON_NAME = AppIcon;
				CODE_SIGN_STYLE = Automatic;
				DEVELOPMENT_TEAM = 88Z75G4GDY;
				INFOPLIST_FILE = Pomodoro/Info.plist;
				LD_RUNPATH_SEARCH_PATHS = (
					"$(inherited)",
					"@executable_path/Frameworks",
				);
				PRODUCT_BUNDLE_IDENTIFIER = sonniehiles.Pomodoro;
				PRODUCT_NAME = "$(TARGET_NAME)";
				SWIFT_VERSION = 5.0;
				TARGETED_DEVICE_FAMILY = 1;
			};
			name = Release;
		};
		AB38C46221EBA307003C77D7 /* Debug */ = {
			isa = XCBuildConfiguration;
			buildSettings = {
				ALWAYS_EMBED_SWIFT_STANDARD_LIBRARIES = YES;
				BUNDLE_LOADER = "$(TEST_HOST)";
				CODE_SIGN_STYLE = Automatic;
				DEVELOPMENT_TEAM = 88Z75G4GDY;
				INFOPLIST_FILE = PomodoroTests/Info.plist;
				LD_RUNPATH_SEARCH_PATHS = (
					"$(inherited)",
					"@executable_path/Frameworks",
					"@loader_path/Frameworks",
				);
				PRODUCT_BUNDLE_IDENTIFIER = sonniehiles.PomodoroTests;
				PRODUCT_NAME = "$(TARGET_NAME)";
				SWIFT_VERSION = 5.0;
				TARGETED_DEVICE_FAMILY = "1,2";
				TEST_HOST = "$(BUILT_PRODUCTS_DIR)/Pomodoro.app/Pomodoro";
			};
			name = Debug;
		};
		AB38C46321EBA307003C77D7 /* Release */ = {
			isa = XCBuildConfiguration;
			buildSettings = {
				ALWAYS_EMBED_SWIFT_STANDARD_LIBRARIES = YES;
				BUNDLE_LOADER = "$(TEST_HOST)";
				CODE_SIGN_STYLE = Automatic;
				DEVELOPMENT_TEAM = 88Z75G4GDY;
				INFOPLIST_FILE = PomodoroTests/Info.plist;
				LD_RUNPATH_SEARCH_PATHS = (
					"$(inherited)",
					"@executable_path/Frameworks",
					"@loader_path/Frameworks",
				);
				PRODUCT_BUNDLE_IDENTIFIER = sonniehiles.PomodoroTests;
				PRODUCT_NAME = "$(TARGET_NAME)";
				SWIFT_VERSION = 5.0;
				TARGETED_DEVICE_FAMILY = "1,2";
				TEST_HOST = "$(BUILT_PRODUCTS_DIR)/Pomodoro.app/Pomodoro";
			};
			name = Release;
		};
		AB38C46521EBA307003C77D7 /* Debug */ = {
			isa = XCBuildConfiguration;
			buildSettings = {
				ALWAYS_EMBED_SWIFT_STANDARD_LIBRARIES = YES;
				CODE_SIGN_STYLE = Automatic;
				DEVELOPMENT_TEAM = 88Z75G4GDY;
				INFOPLIST_FILE = PomodoroUITests/Info.plist;
				LD_RUNPATH_SEARCH_PATHS = (
					"$(inherited)",
					"@executable_path/Frameworks",
					"@loader_path/Frameworks",
				);
				PRODUCT_BUNDLE_IDENTIFIER = sonniehiles.PomodoroUITests;
				PRODUCT_NAME = "$(TARGET_NAME)";
				SWIFT_VERSION = 5.0;
				TARGETED_DEVICE_FAMILY = "1,2";
				TEST_TARGET_NAME = Pomodoro;
			};
			name = Debug;
		};
		AB38C46621EBA307003C77D7 /* Release */ = {
			isa = XCBuildConfiguration;
			buildSettings = {
				ALWAYS_EMBED_SWIFT_STANDARD_LIBRARIES = YES;
				CODE_SIGN_STYLE = Automatic;
				DEVELOPMENT_TEAM = 88Z75G4GDY;
				INFOPLIST_FILE = PomodoroUITests/Info.plist;
				LD_RUNPATH_SEARCH_PATHS = (
					"$(inherited)",
					"@executable_path/Frameworks",
					"@loader_path/Frameworks",
				);
				PRODUCT_BUNDLE_IDENTIFIER = sonniehiles.PomodoroUITests;
				PRODUCT_NAME = "$(TARGET_NAME)";
				SWIFT_VERSION = 5.0;
				TARGETED_DEVICE_FAMILY = "1,2";
				TEST_TARGET_NAME = Pomodoro;
			};
			name = Release;
		};
/* End XCBuildConfiguration section */

/* Begin XCConfigurationList section */
		AB38C43121EBA306003C77D7 /* Build configuration list for PBXProject "Pomodoro" */ = {
			isa = XCConfigurationList;
			buildConfigurations = (
				AB38C45C21EBA307003C77D7 /* Debug */,
				AB38C45D21EBA307003C77D7 /* Release */,
			);
			defaultConfigurationIsVisible = 0;
			defaultConfigurationName = Release;
		};
		AB38C45E21EBA307003C77D7 /* Build configuration list for PBXNativeTarget "Pomodoro" */ = {
			isa = XCConfigurationList;
			buildConfigurations = (
				AB38C45F21EBA307003C77D7 /* Debug */,
				AB38C46021EBA307003C77D7 /* Release */,
			);
			defaultConfigurationIsVisible = 0;
			defaultConfigurationName = Release;
		};
		AB38C46121EBA307003C77D7 /* Build configuration list for PBXNativeTarget "PomodoroTests" */ = {
			isa = XCConfigurationList;
			buildConfigurations = (
				AB38C46221EBA307003C77D7 /* Debug */,
				AB38C46321EBA307003C77D7 /* Release */,
			);
			defaultConfigurationIsVisible = 0;
			defaultConfigurationName = Release;
		};
		AB38C46421EBA307003C77D7 /* Build configuration list for PBXNativeTarget "PomodoroUITests" */ = {
			isa = XCConfigurationList;
			buildConfigurations = (
				AB38C46521EBA307003C77D7 /* Debug */,
				AB38C46621EBA307003C77D7 /* Release */,
			);
			defaultConfigurationIsVisible = 0;
			defaultConfigurationName = Release;
		};
/* End XCConfigurationList section */

/* Begin XCVersionGroup section */
		AB2799BD2219CBD200D092C9 /* pomodoro.xcdatamodeld */ = {
			isa = XCVersionGroup;
			children = (
				AB2799BE2219CBD200D092C9 /* pomodoro.xcdatamodel */,
			);
			currentVersion = AB2799BE2219CBD200D092C9 /* pomodoro.xcdatamodel */;
			path = pomodoro.xcdatamodeld;
			sourceTree = "<group>";
			versionGroupType = wrapper.xcdatamodel;
		};
/* End XCVersionGroup section */
	};
	rootObject = AB38C42E21EBA306003C77D7 /* Project object */;
}
